<?xml version="1.0" encoding="utf-8"?>
<Project ToolsVersion="17.0" xmlns="http://schemas.microsoft.com/developer/msbuild/2003">
  <ItemGroup>
    <ClCompile Include="D:\Project\直播切片\shotcut-source\src\lsc\build-verify2\lsc_autogen\mocs_compilation_Debug.cpp">
      <Filter>Source Files</Filter>
    </ClCompile>
    <ClCompile Include="D:\Project\直播切片\shotcut-source\src\lsc\core\TaskCenter.cpp">
      <Filter>Source Files</Filter>
    </ClCompile>
    <ClCompile Include="D:\Project\直播切片\shotcut-source\src\lsc\core\WorkflowOrchestrator.cpp">
      <Filter>Source Files</Filter>
    </ClCompile>
    <ClCompile Include="D:\Project\直播切片\shotcut-source\src\lsc\core\ErrorManager.cpp">
      <Filter>Source Files</Filter>
    </ClCompile>
    <ClCompile Include="D:\Project\直播切片\shotcut-source\src\lsc\core\LscDatabase.cpp">
      <Filter>Source Files</Filter>
    </ClCompile>
    <ClCompile Include="D:\Project\直播切片\shotcut-source\src\lsc\livestream\PlatformParser.cpp">
      <Filter>Source Files</Filter>
    </ClCompile>
    <ClCompile Include="D:\Project\直播切片\shotcut-source\src\lsc\livestream\StreamCapture.cpp">
      <Filter>Source Files</Filter>
    </ClCompile>
    <ClCompile Include="D:\Project\直播切片\shotcut-source\src\lsc\livestream\RecordingSession.cpp">
      <Filter>Source Files</Filter>
    </ClCompile>
    <ClCompile Include="D:\Project\直播切片\shotcut-source\src\lsc\livestream\PreviewController.cpp">
      <Filter>Source Files</Filter>
    </ClCompile>
    <ClCompile Include="D:\Project\直播切片\shotcut-source\src\lsc\livestream\GameplayDetector.cpp">
      <Filter>Source Files</Filter>
    </ClCompile>
    <ClCompile Include="D:\Project\直播切片\shotcut-source\src\lsc\livestream\SelectiveRecorder.cpp">
      <Filter>Source Files</Filter>
    </ClCompile>
    <ClCompile Include="D:\Project\直播切片\shotcut-source\src\lsc\livestream\platforms\DouyinParser.cpp">
      <Filter>Source Files</Filter>
    </ClCompile>
    <ClCompile Include="D:\Project\直播切片\shotcut-source\src\lsc\livestream\platforms\BilibiliParser.cpp">
      <Filter>Source Files</Filter>
    </ClCompile>
    <ClCompile Include="D:\Project\直播切片\shotcut-source\src\lsc\analyzer\AudioAnalyzer.cpp">
      <Filter>Source Files</Filter>
    </ClCompile>
    <ClCompile Include="D:\Project\直播切片\shotcut-source\src\lsc\analyzer\VideoAnalyzer.cpp">
      <Filter>Source Files</Filter>
    </ClCompile>
    <ClCompile Include="D:\Project\直播切片\shotcut-source\src\lsc\analyzer\SpeechRecognizer.cpp">
      <Filter>Source Files</Filter>
    </ClCompile>
    <ClCompile Include="D:\Project\直播切片\shotcut-source\src\lsc\analyzer\HighlightDetector.cpp">
      <Filter>Source Files</Filter>
    </ClCompile>
    <ClCompile Include="D:\Project\直播切片\shotcut-source\src\lsc\analyzer\BeatDetector.cpp">
      <Filter>Source Files</Filter>
    </ClCompile>
    <ClCompile Include="D:\Project\直播切片\shotcut-source\src\lsc\analyzer\HighlightEngine.cpp">
      <Filter>Source Files</Filter>
    </ClCompile>
    <ClCompile Include="D:\Project\直播切片\shotcut-source\src\lsc\analyzer\ClipExporter.cpp">
      <Filter>Source Files</Filter>
    </ClCompile>
    <ClCompile Include="D:\Project\直播切片\shotcut-source\src\lsc\analyzer\ThumbnailGenerator.cpp">
      <Filter>Source Files</Filter>
    </ClCompile>
    <ClCompile Include="D:\Project\直播切片\shotcut-source\src\lsc\analyzer\GameStrategy.cpp">
      <Filter>Source Files</Filter>
    </ClCompile>
    <ClCompile Include="D:\Project\直播切片\shotcut-source\src\lsc\analyzer\DanceStrategy.cpp">
      <Filter>Source Files</Filter>
    </ClCompile>
    <ClCompile Include="D:\Project\直播切片\shotcut-source\src\lsc\analyzer\DialogStrategy.cpp">
      <Filter>Source Files</Filter>
    </ClCompile>
    <ClCompile Include="D:\Project\直播切片\shotcut-source\src\lsc\analyzer\GenericStrategy.cpp">
      <Filter>Source Files</Filter>
    </ClCompile>
    <ClCompile Include="D:\Project\直播切片\shotcut-source\src\lsc\analyzer\CompositeHighlightStrategy.cpp">
      <Filter>Source Files</Filter>
    </ClCompile>
    <ClCompile Include="D:\Project\直播切片\shotcut-source\src\lsc\analyzer\CommentaryStrategy.cpp">
      <Filter>Source Files</Filter>
    </ClCompile>
    <ClCompile Include="D:\Project\直播切片\shotcut-source\src\lsc\analyzer\DanceSegmentScorer.cpp">
      <Filter>Source Files</Filter>
    </ClCompile>
    <ClCompile Include="D:\Project\直播切片\shotcut-source\src\lsc\analyzer\RoundBoundaryDetector.cpp">
      <Filter>Source Files</Filter>
    </ClCompile>
    <ClCompile Include="D:\Project\直播切片\shotcut-source\src\lsc\analyzer\CommentarySegmenter.cpp">
      <Filter>Source Files</Filter>
    </ClCompile>
    <ClCompile Include="D:\Project\直播切片\shotcut-source\src\lsc\analyzer\PoseAnalyzer.cpp">
      <Filter>Source Files</Filter>
    </ClCompile>
    <ClCompile Include="D:\Project\直播切片\shotcut-source\src\lsc\analyzer\GameHudAnalyzer.cpp">
      <Filter>Source Files</Filter>
    </ClCompile>
    <ClCompile Include="D:\Project\直播切片\shotcut-source\src\lsc\analyzer\HighlightUtils.cpp">
      <Filter>Source Files</Filter>
    </ClCompile>
    <ClCompile Include="D:\Project\直播切片\shotcut-source\src\lsc\analyzer\MaterialClassifier.cpp">
      <Filter>Source Files</Filter>
    </ClCompile>
    <ClCompile Include="D:\Project\直播切片\shotcut-source\src\lsc\analyzer\HighlightRanker.cpp">
      <Filter>Source Files</Filter>
    </ClCompile>
    <ClCompile Include="D:\Project\直播切片\shotcut-source\src\lsc\analyzer\RealtimeStrategy.cpp">
      <Filter>Source Files</Filter>
    </ClCompile>
    <ClCompile Include="D:\Project\直播切片\shotcut-source\src\lsc\analyzer\RoundClipBuilder.cpp">
      <Filter>Source Files</Filter>
    </ClCompile>
    <ClCompile Include="D:\Project\直播切片\shotcut-source\src\lsc\analyzer\ShortClipRefiner.cpp">
      <Filter>Source Files</Filter>
    </ClCompile>
    <ClCompile Include="D:\Project\直播切片\shotcut-source\src\lsc\analyzer\FeedbackStore.cpp">
      <Filter>Source Files</Filter>
    </ClCompile>
    <ClCompile Include="D:\Project\直播切片\shotcut-source\src\lsc\analyzer\ValorantEvaluation.cpp">
      <Filter>Source Files</Filter>
    </ClCompile>
    <ClCompile Include="D:\Project\直播切片\shotcut-source\src\lsc\widgets\ClipEditorWidget.cpp">
      <Filter>Source Files</Filter>
    </ClCompile>
    <ClCompile Include="D:\Project\直播切片\shotcut-source\src\lsc\widgets\WheelEventBlocker.cpp">
      <Filter>Source Files</Filter>
    </ClCompile>
    <ClCompile Include="D:\Project\直播切片\shotcut-source\src\lsc\dialogs\ExportSettingsDialog.cpp">
      <Filter>Source Files</Filter>
    </ClCompile>
    <ClCompile Include="D:\Project\直播切片\shotcut-source\src\lsc\docks\LivestreamDock.cpp">
      <Filter>Source Files</Filter>
    </ClCompile>
    <ClCompile Include="D:\Project\直播切片\shotcut-source\src\lsc\docks\AnalysisDock.cpp">
      <Filter>Source Files</Filter>
    </ClCompile>
    <ClCompile Include="D:\Project\直播切片\shotcut-source\src\lsc\docks\HighlightPreviewWidget.cpp">
      <Filter>Source Files</Filter>
    </ClCompile>
    <ClCompile Include="D:\Project\直播切片\shotcut-source\src\lsc\docks\LivePreviewWidget.cpp">
      <Filter>Source Files</Filter>
    </ClCompile>
    <ClCompile Include="D:\Project\直播切片\shotcut-source\src\lsc\docks\PlayerDock.cpp">
      <Filter>Source Files</Filter>
    </ClCompile>
    <ClCompile Include="D:\Project\直播切片\shotcut-source\src\lsc\docks\TaskDock.cpp">
      <Filter>Source Files</Filter>
    </ClCompile>
    <ClCompile Include="D:\Project\直播切片\shotcut-source\src\lsc\docks\HistoryDock.cpp">
      <Filter>Source Files</Filter>
    </ClCompile>
    <ClCompile Include="D:\Project\直播切片\shotcut-source\src\lsc\docks\FeedbackStatsDock.cpp">
      <Filter>Source Files</Filter>
    </ClCompile>
    <ClCompile Include="D:\Project\直播切片\shotcut-source\src\lsc\docks\DiagnosticsDock.cpp">
      <Filter>Source Files</Filter>
    </ClCompile>
    <ClCompile Include="D:\Project\直播切片\shotcut-source\src\lsc\docks\SettingsDock.cpp">
      <Filter>Source Files</Filter>
    </ClCompile>
    <ClCompile Include="D:\Project\直播切片\shotcut-source\src\lsc\build-verify2\lsc_autogen\mocs_compilation_Release.cpp">
      <Filter>Source Files</Filter>
    </ClCompile>
    <ClCompile Include="D:\Project\直播切片\shotcut-source\src\lsc\build-verify2\lsc_autogen\mocs_compilation_MinSizeRel.cpp">
      <Filter>Source Files</Filter>
    </ClCompile>
    <ClCompile Include="D:\Project\直播切片\shotcut-source\src\lsc\build-verify2\lsc_autogen\mocs_compilation_RelWithDebInfo.cpp">
      <Filter>Source Files</Filter>
    </ClCompile>
  </ItemGroup>
  <ItemGroup>
    <ClInclude Include="D:\Project\直播切片\shotcut-source\src\lsc\LscConfig.h">
      <Filter>Header Files</Filter>
    </ClInclude>
    <ClInclude Include="D:\Project\直播切片\shotcut-source\src\lsc\LscLog.h">
      <Filter>Header Files</Filter>
    </ClInclude>
    <ClInclude Include="D:\Project\直播切片\shotcut-source\src\lsc\core\TaskCenter.h">
      <Filter>Header Files</Filter>
    </ClInclude>
    <ClInclude Include="D:\Project\直播切片\shotcut-source\src\lsc\core\WorkflowOrchestrator.h">
      <Filter>Header Files</Filter>
    </ClInclude>
    <ClInclude Include="D:\Project\直播切片\shotcut-source\src\lsc\core\ErrorManager.h">
      <Filter>Header Files</Filter>
    </ClInclude>
    <ClInclude Include="D:\Project\直播切片\shotcut-source\src\lsc\core\LscDatabase.h">
      <Filter>Header Files</Filter>
    </ClInclude>
    <ClInclude Include="D:\Project\直播切片\shotcut-source\src\lsc\livestream\PlatformParser.h">
      <Filter>Header Files</Filter>
    </ClInclude>
    <ClInclude Include="D:\Project\直播切片\shotcut-source\src\lsc\livestream\IPlatformParser.h">
      <Filter>Header Files</Filter>
    </ClInclude>
    <ClInclude Include="D:\Project\直播切片\shotcut-source\src\lsc\livestream\StreamCapture.h">
      <Filter>Header Files</Filter>
    </ClInclude>
    <ClInclude Include="D:\Project\直播切片\shotcut-source\src\lsc\livestream\RecordingSession.h">
      <Filter>Header Files</Filter>
    </ClInclude>
    <ClInclude Include="D:\Project\直播切片\shotcut-source\src\lsc\livestream\PreviewController.h">
      <Filter>Header Files</Filter>
    </ClInclude>
    <ClInclude Include="D:\Project\直播切片\shotcut-source\src\lsc\livestream\GameplayDetector.h">
      <Filter>Header Files</Filter>
    </ClInclude>
    <ClInclude Include="D:\Project\直播切片\shotcut-source\src\lsc\livestream\SelectiveRecorder.h">
      <Filter>Header Files</Filter>
    </ClInclude>
    <ClInclude Include="D:\Project\直播切片\shotcut-source\src\lsc\livestream\GameplayMonitorManifest.h">
      <Filter>Header Files</Filter>
    </ClInclude>
    <ClInclude Include="D:\Project\直播切片\shotcut-source\src\lsc\livestream\platforms\DouyinParser.h">
      <Filter>Header Files</Filter>
    </ClInclude>
    <ClInclude Include="D:\Project\直播切片\shotcut-source\src\lsc\livestream\platforms\BilibiliParser.h">
      <Filter>Header Files</Filter>
    </ClInclude>
    <ClInclude Include="D:\Project\直播切片\shotcut-source\src\lsc\analyzer\IHighlightStrategy.h">
      <Filter>Header Files</Filter>
    </ClInclude>
    <ClInclude Include="D:\Project\直播切片\shotcut-source\src\lsc\analyzer\AudioAnalyzer.h">
      <Filter>Header Files</Filter>
    </ClInclude>
    <ClInclude Include="D:\Project\直播切片\shotcut-source\src\lsc\analyzer\VideoAnalyzer.h">
      <Filter>Header Files</Filter>
    </ClInclude>
    <ClInclude Include="D:\Project\直播切片\shotcut-source\src\lsc\analyzer\SpeechRecognizer.h">
      <Filter>Header Files</Filter>
    </ClInclude>
    <ClInclude Include="D:\Project\直播切片\shotcut-source\src\lsc\analyzer\HighlightDetector.h">
      <Filter>Header Files</Filter>
    </ClInclude>
    <ClInclude Include="D:\Project\直播切片\shotcut-source\src\lsc\analyzer\BeatDetector.h">
      <Filter>Header Files</Filter>
    </ClInclude>
    <ClInclude Include="D:\Project\直播切片\shotcut-source\src\lsc\analyzer\HighlightEngine.h">
      <Filter>Header Files</Filter>
    </ClInclude>
    <ClInclude Include="D:\Project\直播切片\shotcut-source\src\lsc\analyzer\ClipExporter.h">
      <Filter>Header Files</Filter>
    </ClInclude>
    <ClInclude Include="D:\Project\直播切片\shotcut-source\src\lsc\analyzer\GameStrategy.h">
      <Filter>Header Files</Filter>
    </ClInclude>
    <ClInclude Include="D:\Project\直播切片\shotcut-source\src\lsc\analyzer\DanceStrategy.h">
      <Filter>Header Files</Filter>
    </ClInclude>
    <ClInclude Include="D:\Project\直播切片\shotcut-source\src\lsc\analyzer\DialogStrategy.h">
      <Filter>Header Files</Filter>
    </ClInclude>
    <ClInclude Include="D:\Project\直播切片\shotcut-source\src\lsc\analyzer\GenericStrategy.h">
      <Filter>Header Files</Filter>
    </ClInclude>
    <ClInclude Include="D:\Project\直播切片\shotcut-source\src\lsc\analyzer\ThumbnailGenerator.h">
      <Filter>Header Files</Filter>
    </ClInclude>
    <ClInclude Include="D:\Project\直播切片\shotcut-source\src\lsc\analyzer\AnalysisProfile.h">
      <Filter>Header Files</Filter>
    </ClInclude>
    <ClInclude Include="D:\Project\直播切片\shotcut-source\src\lsc\analyzer\CompositeHighlightStrategy.h">
      <Filter>Header Files</Filter>
    </ClInclude>
    <ClInclude Include="D:\Project\直播切片\shotcut-source\src\lsc\analyzer\CommentaryStrategy.h">
      <Filter>Header Files</Filter>
    </ClInclude>
    <ClInclude Include="D:\Project\直播切片\shotcut-source\src\lsc\analyzer\DanceSegmentScorer.h">
      <Filter>Header Files</Filter>
    </ClInclude>
    <ClInclude Include="D:\Project\直播切片\shotcut-source\src\lsc\analyzer\RoundBoundaryDetector.h">
      <Filter>Header Files</Filter>
    </ClInclude>
    <ClInclude Include="D:\Project\直播切片\shotcut-source\src\lsc\analyzer\CommentarySegmenter.h">
      <Filter>Header Files</Filter>
    </ClInclude>
    <ClInclude Include="D:\Project\直播切片\shotcut-source\src\lsc\analyzer\PoseAnalyzer.h">
      <Filter>Header Files</Filter>
    </ClInclude>
    <ClInclude Include="D:\Project\直播切片\shotcut-source\src\lsc\analyzer\GameHudAnalyzer.h">
      <Filter>Header Files</Filter>
    </ClInclude>
    <ClInclude Include="D:\Project\直播切片\shotcut-source\src\lsc\analyzer\HighlightUtils.h">
      <Filter>Header Files</Filter>
    </ClInclude>
    <ClInclude Include="D:\Project\直播切片\shotcut-source\src\lsc\analyzer\RankedClip.h">
      <Filter>Header Files</Filter>
    </ClInclude>
    <ClInclude Include="D:\Project\直播切片\shotcut-source\src\lsc\analyzer\ValorantProfileConfig.h">
      <Filter>Header Files</Filter>
    </ClInclude>
    <ClInclude Include="D:\Project\直播切片\shotcut-source\src\lsc\analyzer\MaterialClassifier.h">
      <Filter>Header Files</Filter>
    </ClInclude>
    <ClInclude Include="D:\Project\直播切片\shotcut-source\src\lsc\analyzer\HighlightRanker.h">
      <Filter>Header Files</Filter>
    </ClInclude>
    <ClInclude Include="D:\Project\直播切片\shotcut-source\src\lsc\analyzer\RealtimeStrategy.h">
      <Filter>Header Files</Filter>
    </ClInclude>
    <ClInclude Include="D:\Project\直播切片\shotcut-source\src\lsc\analyzer\RoundClipBuilder.h">
      <Filter>Header Files</Filter>
    </ClInclude>
    <ClInclude Include="D:\Project\直播切片\shotcut-source\src\lsc\analyzer\ShortClipRefiner.h">
      <Filter>Header Files</Filter>
    </ClInclude>
    <ClInclude Include="D:\Project\直播切片\shotcut-source\src\lsc\analyzer\FeedbackStore.h">
      <Filter>Header Files</Filter>
    </ClInclude>
    <ClInclude Include="D:\Project\直播切片\shotcut-source\src\lsc\analyzer\ValorantEvaluation.h">
      <Filter>Header Files</Filter>
    </ClInclude>
    <ClInclude Include="D:\Project\直播切片\shotcut-source\src\lsc\widgets\ClipEditorWidget.h">
      <Filter>Header Files</Filter>
    </ClInclude>
    <ClInclude Include="D:\Project\直播切片\shotcut-source\src\lsc\widgets\WheelEventBlocker.h">
      <Filter>Header Files</Filter>
    </ClInclude>
    <ClInclude Include="D:\Project\直播切片\shotcut-source\src\lsc\dialogs\ExportSettingsDialog.h">
      <Filter>Header Files</Filter>
    </ClInclude>
    <ClInclude Include="D:\Project\直播切片\shotcut-source\src\lsc\docks\LivestreamDock.h">
      <Filter>Header Files</Filter>
    </ClInclude>
    <ClInclude Include="D:\Project\直播切片\shotcut-source\src\lsc\docks\AnalysisDock.h">
      <Filter>Header Files</Filter>
    </ClInclude>
    <ClInclude Include="D:\Project\直播切片\shotcut-source\src\lsc\docks\HighlightPreviewWidget.h">
      <Filter>Header Files</Filter>
    </ClInclude>
    <ClInclude Include="D:\Project\直播切片\shotcut-source\src\lsc\docks\LivePreviewWidget.h">
      <Filter>Header Files</Filter>
    </ClInclude>
    <ClInclude Include="D:\Project\直播切片\shotcut-source\src\lsc\docks\PlayerDock.h">
      <Filter>Header Files</Filter>
    </ClInclude>
    <ClInclude Include="D:\Project\直播切片\shotcut-source\src\lsc\docks\TaskDock.h">
      <Filter>Header Files</Filter>
    </ClInclude>
    <ClInclude Include="D:\Project\直播切片\shotcut-source\src\lsc\docks\HistoryDock.h">
      <Filter>Header Files</Filter>
    </ClInclude>
    <ClInclude Include="D:\Project\直播切片\shotcut-source\src\lsc\docks\FeedbackStatsDock.h">
      <Filter>Header Files</Filter>
    </ClInclude>
    <ClInclude Include="D:\Project\直播切片\shotcut-source\src\lsc\docks\DiagnosticsDock.h">
      <Filter>Header Files</Filter>
    </ClInclude>
    <ClInclude Include="D:\Project\直播切片\shotcut-source\src\lsc\docks\SettingsDock.h">
      <Filter>Header Files</Filter>
    </ClInclude>
  </ItemGroup>
  <ItemGroup>
    <CustomBuild Include="D:\Project\直播切片\shotcut-source\src\lsc\CMakeLists.txt" />
  </ItemGroup>
  <ItemGroup>
    <Filter Include="Header Files">
      <UniqueIdentifier>{9436EAAB-A7A4-3CF8-B6FD-98F194CABE64}</UniqueIdentifier>
    </Filter>
    <Filter Include="Source Files">
      <UniqueIdentifier>{192A22B3-45EB-3FB0-A986-AB1C01E9DE8E}</UniqueIdentifier>
    </Filter>
  </ItemGroup>
</Project>
