
Microsoft Visual Studio Solution File, Format Version 12.00
# Visual Studio Version 17
Project("{8BC9CEB8-8B4A-11D0-8D11-00A0C91BC942}") = "ALL_BUILD", "ALL_BUILD.vcxproj", "{3A4B0B2D-7ABD-34D1-9031-3EEABA0E2BE8}"
	ProjectSection(ProjectDependencies) = postProject
		{7E6DD8B4-CC0E-36C1-9E66-8C219E240021} = {7E6DD8B4-CC0E-36C1-9E66-8C219E240021}
		{F44CBD9B-279F-39C5-B0F3-8EDEAB979C76} = {F44CBD9B-279F-39C5-B0F3-8EDEAB979C76}
		{4F8D6C3B-F89F-3B5E-8132-60A6C35CD8F6} = {4F8D6C3B-F89F-3B5E-8132-60A6C35CD8F6}
		{389ABCFA-5613-35E8-812D-8BEE1195FDCF} = {389ABCFA-5613-35E8-812D-8BEE1195FDCF}
		{09FD90C5-B41A-37F7-9962-821CB69A08EA} = {09FD90C5-B41A-37F7-9962-821CB69A08EA}
		{341F85E5-5805-347A-BB02-C94B58F8EB9F} = {341F85E5-5805-347A-BB02-C94B58F8EB9F}
		{69F48733-B89E-3789-BE90-1B9DE91A9F15} = {69F48733-B89E-3789-BE90-1B9DE91A9F15}
		{73FA93E4-5610-3474-84DE-D4A6BEEC49B6} = {73FA93E4-5610-3474-84DE-D4A6BEEC49B6}
		{28228318-76C8-3ADA-B895-E57C18014DFE} = {28228318-76C8-3ADA-B895-E57C18014DFE}
		{A5DEA71A-F4FE-3D3E-937E-56028F4B635B} = {A5DEA71A-F4FE-3D3E-937E-56028F4B635B}
		{EFB14078-3029-3359-B65D-AC9E79F9F906} = {EFB14078-3029-3359-B65D-AC9E79F9F906}
		{A2A336BE-8D49-34DC-A697-9316FF2BB102} = {A2A336BE-8D49-34DC-A697-9316FF2BB102}
		{3BD44C32-22AD-3B4A-9334-75DE511EDB63} = {3BD44C32-22AD-3B4A-9334-75DE511EDB63}
		{6E42B86D-E8FA-3A94-A2DB-FD63443E647B} = {6E42B86D-E8FA-3A94-A2DB-FD63443E647B}
		{4FDD810F-1C97-34F4-BB30-F3C3A8DCD336} = {4FDD810F-1C97-34F4-BB30-F3C3A8DCD336}
		{1C9D61C4-F3A5-3A34-BCE0-C81A555FFEF6} = {1C9D61C4-F3A5-3A34-BCE0-C81A555FFEF6}
		{1DDEBE96-A478-3F2E-8B26-0DCB40F514FB} = {1DDEBE96-A478-3F2E-8B26-0DCB40F514FB}
		{4FAD5D15-1A0D-38F3-A11C-A46B499CA4C9} = {4FAD5D15-1A0D-38F3-A11C-A46B499CA4C9}
		{51683840-EE81-3D2D-AE8E-D144395BC5EA} = {51683840-EE81-3D2D-AE8E-D144395BC5EA}
		{C6D2DC27-3443-3AA3-B5E5-B0A4B000B851} = {C6D2DC27-3443-3AA3-B5E5-B0A4B000B851}
		{63EBEC5C-4C19-3AED-8CE1-EC601536076D} = {63EBEC5C-4C19-3AED-8CE1-EC601536076D}
		{705E27B6-7257-370A-B86A-41C1D62617F3} = {705E27B6-7257-370A-B86A-41C1D62617F3}
		{35E3003A-0419-3A47-9BA9-F769BEF4DB80} = {35E3003A-0419-3A47-9BA9-F769BEF4DB80}
		{5C264DEF-9A48-3AA2-9579-63DC765E207B} = {5C264DEF-9A48-3AA2-9579-63DC765E207B}
		{EE332B07-1172-3740-82C2-F36FB5AF3EB0} = {EE332B07-1172-3740-82C2-F36FB5AF3EB0}
		{0CC3F32A-1D13-3E7F-997C-CBF1472B9B57} = {0CC3F32A-1D13-3E7F-997C-CBF1472B9B57}
		{6BC4019B-ACD0-39D5-ABFB-C04DB9487ECD} = {6BC4019B-ACD0-39D5-ABFB-C04DB9487ECD}
		{D4F99B6C-1023-3DC3-94DF-4B00237907BA} = {D4F99B6C-1023-3DC3-94DF-4B00237907BA}
		{5958B9F2-7F61-37EF-B63E-6098DC022434} = {5958B9F2-7F61-37EF-B63E-6098DC022434}
		{04223EBA-7303-3DA5-AD32-64E4DEFDE3F0} = {04223EBA-7303-3DA5-AD32-64E4DEFDE3F0}
		{4BE3FA34-C110-3B92-BE11-AE861281329E} = {4BE3FA34-C110-3B92-BE11-AE861281329E}
		{4E844619-92F6-37EC-AA02-F8065543D227} = {4E844619-92F6-37EC-AA02-F8065543D227}
		{05A81FA5-A2EA-3AF6-8933-87107823EC08} = {05A81FA5-A2EA-3AF6-8933-87107823EC08}
	EndProjectSection
EndProject
Project("{8BC9CEB8-8B4A-11D0-8D11-00A0C91BC942}") = "RUN_TESTS", "RUN_TESTS.vcxproj", "{9F65E72B-EBFE-3048-AF19-773BDF10F711}"
	ProjectSection(ProjectDependencies) = postProject
		{7E6DD8B4-CC0E-36C1-9E66-8C219E240021} = {7E6DD8B4-CC0E-36C1-9E66-8C219E240021}
	EndProjectSection
EndProject
Project("{8BC9CEB8-8B4A-11D0-8D11-00A0C91BC942}") = "ZERO_CHECK", "ZERO_CHECK.vcxproj", "{7E6DD8B4-CC0E-36C1-9E66-8C219E240021}"
	ProjectSection(ProjectDependencies) = postProject
	EndProjectSection
EndProject
Project("{8BC9CEB8-8B4A-11D0-8D11-00A0C91BC942}") = "lsc", "lsc.vcxproj", "{F44CBD9B-279F-39C5-B0F3-8EDEAB979C76}"
	ProjectSection(ProjectDependencies) = postProject
		{7E6DD8B4-CC0E-36C1-9E66-8C219E240021} = {7E6DD8B4-CC0E-36C1-9E66-8C219E240021}
	EndProjectSection
EndProject
Project("{8BC9CEB8-8B4A-11D0-8D11-00A0C91BC942}") = "lsc_app", "lsc_app.vcxproj", "{4F8D6C3B-F89F-3B5E-8132-60A6C35CD8F6}"
	ProjectSection(ProjectDependencies) = postProject
		{7E6DD8B4-CC0E-36C1-9E66-8C219E240021} = {7E6DD8B4-CC0E-36C1-9E66-8C219E240021}
		{F44CBD9B-279F-39C5-B0F3-8EDEAB979C76} = {F44CBD9B-279F-39C5-B0F3-8EDEAB979C76}
	EndProjectSection
EndProject
Project("{8BC9CEB8-8B4A-11D0-8D11-00A0C91BC942}") = "test_analysis_dock", "test_analysis_dock.vcxproj", "{389ABCFA-5613-35E8-812D-8BEE1195FDCF}"
	ProjectSection(ProjectDependencies) = postProject
		{7E6DD8B4-CC0E-36C1-9E66-8C219E240021} = {7E6DD8B4-CC0E-36C1-9E66-8C219E240021}
		{F44CBD9B-279F-39C5-B0F3-8EDEAB979C76} = {F44CBD9B-279F-39C5-B0F3-8EDEAB979C76}
	EndProjectSection
EndProject
Project("{8BC9CEB8-8B4A-11D0-8D11-00A0C91BC942}") = "test_audio_analyzer", "test_audio_analyzer.vcxproj", "{09FD90C5-B41A-37F7-9962-821CB69A08EA}"
	ProjectSection(ProjectDependencies) = postProject
		{7E6DD8B4-CC0E-36C1-9E66-8C219E240021} = {7E6DD8B4-CC0E-36C1-9E66-8C219E240021}
		{F44CBD9B-279F-39C5-B0F3-8EDEAB979C76} = {F44CBD9B-279F-39C5-B0F3-8EDEAB979C76}
	EndProjectSection
EndProject
Project("{8BC9CEB8-8B4A-11D0-8D11-00A0C91BC942}") = "test_beat_detector", "test_beat_detector.vcxproj", "{341F85E5-5805-347A-BB02-C94B58F8EB9F}"
	ProjectSection(ProjectDependencies) = postProject
		{7E6DD8B4-CC0E-36C1-9E66-8C219E240021} = {7E6DD8B4-CC0E-36C1-9E66-8C219E240021}
		{F44CBD9B-279F-39C5-B0F3-8EDEAB979C76} = {F44CBD9B-279F-39C5-B0F3-8EDEAB979C76}
	EndProjectSection
EndProject
Project("{8BC9CEB8-8B4A-11D0-8D11-00A0C91BC942}") = "test_clip_export", "test_clip_export.vcxproj", "{69F48733-B89E-3789-BE90-1B9DE91A9F15}"
	ProjectSection(ProjectDependencies) = postProject
		{7E6DD8B4-CC0E-36C1-9E66-8C219E240021} = {7E6DD8B4-CC0E-36C1-9E66-8C219E240021}
		{F44CBD9B-279F-39C5-B0F3-8EDEAB979C76} = {F44CBD9B-279F-39C5-B0F3-8EDEAB979C76}
	EndProjectSection
EndProject
Project("{8BC9CEB8-8B4A-11D0-8D11-00A0C91BC942}") = "test_commentary_segmenter", "test_commentary_segmenter.vcxproj", "{73FA93E4-5610-3474-84DE-D4A6BEEC49B6}"
	ProjectSection(ProjectDependencies) = postProject
		{7E6DD8B4-CC0E-36C1-9E66-8C219E240021} = {7E6DD8B4-CC0E-36C1-9E66-8C219E240021}
		{F44CBD9B-279F-39C5-B0F3-8EDEAB979C76} = {F44CBD9B-279F-39C5-B0F3-8EDEAB979C76}
	EndProjectSection
EndProject
Project("{8BC9CEB8-8B4A-11D0-8D11-00A0C91BC942}") = "test_dance_detector", "test_dance_detector.vcxproj", "{28228318-76C8-3ADA-B895-E57C18014DFE}"
	ProjectSection(ProjectDependencies) = postProject
		{7E6DD8B4-CC0E-36C1-9E66-8C219E240021} = {7E6DD8B4-CC0E-36C1-9E66-8C219E240021}
		{F44CBD9B-279F-39C5-B0F3-8EDEAB979C76} = {F44CBD9B-279F-39C5-B0F3-8EDEAB979C76}
	EndProjectSection
EndProject
Project("{8BC9CEB8-8B4A-11D0-8D11-00A0C91BC942}") = "test_dance_segment_scorer", "test_dance_segment_scorer.vcxproj", "{A5DEA71A-F4FE-3D3E-937E-56028F4B635B}"
	ProjectSection(ProjectDependencies) = postProject
		{7E6DD8B4-CC0E-36C1-9E66-8C219E240021} = {7E6DD8B4-CC0E-36C1-9E66-8C219E240021}
		{F44CBD9B-279F-39C5-B0F3-8EDEAB979C76} = {F44CBD9B-279F-39C5-B0F3-8EDEAB979C76}
	EndProjectSection
EndProject
Project("{8BC9CEB8-8B4A-11D0-8D11-00A0C91BC942}") = "test_douyin_live", "test_douyin_live.vcxproj", "{EFB14078-3029-3359-B65D-AC9E79F9F906}"
	ProjectSection(ProjectDependencies) = postProject
		{7E6DD8B4-CC0E-36C1-9E66-8C219E240021} = {7E6DD8B4-CC0E-36C1-9E66-8C219E240021}
		{F44CBD9B-279F-39C5-B0F3-8EDEAB979C76} = {F44CBD9B-279F-39C5-B0F3-8EDEAB979C76}
	EndProjectSection
EndProject
Project("{8BC9CEB8-8B4A-11D0-8D11-00A0C91BC942}") = "test_feedback_store", "test_feedback_store.vcxproj", "{A2A336BE-8D49-34DC-A697-9316FF2BB102}"
	ProjectSection(ProjectDependencies) = postProject
		{7E6DD8B4-CC0E-36C1-9E66-8C219E240021} = {7E6DD8B4-CC0E-36C1-9E66-8C219E240021}
		{F44CBD9B-279F-39C5-B0F3-8EDEAB979C76} = {F44CBD9B-279F-39C5-B0F3-8EDEAB979C76}
	EndProjectSection
EndProject
Project("{8BC9CEB8-8B4A-11D0-8D11-00A0C91BC942}") = "test_gameplay_manifest", "test_gameplay_manifest.vcxproj", "{3BD44C32-22AD-3B4A-9334-75DE511EDB63}"
	ProjectSection(ProjectDependencies) = postProject
		{7E6DD8B4-CC0E-36C1-9E66-8C219E240021} = {7E6DD8B4-CC0E-36C1-9E66-8C219E240021}
		{F44CBD9B-279F-39C5-B0F3-8EDEAB979C76} = {F44CBD9B-279F-39C5-B0F3-8EDEAB979C76}
	EndProjectSection
EndProject
Project("{8BC9CEB8-8B4A-11D0-8D11-00A0C91BC942}") = "test_highlight_analysis", "test_highlight_analysis.vcxproj", "{6E42B86D-E8FA-3A94-A2DB-FD63443E647B}"
	ProjectSection(ProjectDependencies) = postProject
		{7E6DD8B4-CC0E-36C1-9E66-8C219E240021} = {7E6DD8B4-CC0E-36C1-9E66-8C219E240021}
		{F44CBD9B-279F-39C5-B0F3-8EDEAB979C76} = {F44CBD9B-279F-39C5-B0F3-8EDEAB979C76}
	EndProjectSection
EndProject
Project("{8BC9CEB8-8B4A-11D0-8D11-00A0C91BC942}") = "test_highlight_detector", "test_highlight_detector.vcxproj", "{4FDD810F-1C97-34F4-BB30-F3C3A8DCD336}"
	ProjectSection(ProjectDependencies) = postProject
		{7E6DD8B4-CC0E-36C1-9E66-8C219E240021} = {7E6DD8B4-CC0E-36C1-9E66-8C219E240021}
		{F44CBD9B-279F-39C5-B0F3-8EDEAB979C76} = {F44CBD9B-279F-39C5-B0F3-8EDEAB979C76}
	EndProjectSection
EndProject
Project("{8BC9CEB8-8B4A-11D0-8D11-00A0C91BC942}") = "test_highlight_engine", "test_highlight_engine.vcxproj", "{1C9D61C4-F3A5-3A34-BCE0-C81A555FFEF6}"
	ProjectSection(ProjectDependencies) = postProject
		{7E6DD8B4-CC0E-36C1-9E66-8C219E240021} = {7E6DD8B4-CC0E-36C1-9E66-8C219E240021}
		{F44CBD9B-279F-39C5-B0F3-8EDEAB979C76} = {F44CBD9B-279F-39C5-B0F3-8EDEAB979C76}
	EndProjectSection
EndProject
Project("{8BC9CEB8-8B4A-11D0-8D11-00A0C91BC942}") = "test_highlight_ranker", "test_highlight_ranker.vcxproj", "{1DDEBE96-A478-3F2E-8B26-0DCB40F514FB}"
	ProjectSection(ProjectDependencies) = postProject
		{7E6DD8B4-CC0E-36C1-9E66-8C219E240021} = {7E6DD8B4-CC0E-36C1-9E66-8C219E240021}
		{F44CBD9B-279F-39C5-B0F3-8EDEAB979C76} = {F44CBD9B-279F-39C5-B0F3-8EDEAB979C76}
	EndProjectSection
EndProject
Project("{8BC9CEB8-8B4A-11D0-8D11-00A0C91BC942}") = "test_live_preview", "test_live_preview.vcxproj", "{4FAD5D15-1A0D-38F3-A11C-A46B499CA4C9}"
	ProjectSection(ProjectDependencies) = postProject
		{7E6DD8B4-CC0E-36C1-9E66-8C219E240021} = {7E6DD8B4-CC0E-36C1-9E66-8C219E240021}
		{F44CBD9B-279F-39C5-B0F3-8EDEAB979C76} = {F44CBD9B-279F-39C5-B0F3-8EDEAB979C76}
	EndProjectSection
EndProject
Project("{8BC9CEB8-8B4A-11D0-8D11-00A0C91BC942}") = "test_live_recording", "test_live_recording.vcxproj", "{51683840-EE81-3D2D-AE8E-D144395BC5EA}"
	ProjectSection(ProjectDependencies) = postProject
		{7E6DD8B4-CC0E-36C1-9E66-8C219E240021} = {7E6DD8B4-CC0E-36C1-9E66-8C219E240021}
		{F44CBD9B-279F-39C5-B0F3-8EDEAB979C76} = {F44CBD9B-279F-39C5-B0F3-8EDEAB979C76}
	EndProjectSection
EndProject
Project("{8BC9CEB8-8B4A-11D0-8D11-00A0C91BC942}") = "test_material_classifier", "test_material_classifier.vcxproj", "{C6D2DC27-3443-3AA3-B5E5-B0A4B000B851}"
	ProjectSection(ProjectDependencies) = postProject
		{7E6DD8B4-CC0E-36C1-9E66-8C219E240021} = {7E6DD8B4-CC0E-36C1-9E66-8C219E240021}
		{F44CBD9B-279F-39C5-B0F3-8EDEAB979C76} = {F44CBD9B-279F-39C5-B0F3-8EDEAB979C76}
	EndProjectSection
EndProject
Project("{8BC9CEB8-8B4A-11D0-8D11-00A0C91BC942}") = "test_platform_parser", "test_platform_parser.vcxproj", "{63EBEC5C-4C19-3AED-8CE1-EC601536076D}"
	ProjectSection(ProjectDependencies) = postProject
		{7E6DD8B4-CC0E-36C1-9E66-8C219E240021} = {7E6DD8B4-CC0E-36C1-9E66-8C219E240021}
		{F44CBD9B-279F-39C5-B0F3-8EDEAB979C76} = {F44CBD9B-279F-39C5-B0F3-8EDEAB979C76}
	EndProjectSection
EndProject
Project("{8BC9CEB8-8B4A-11D0-8D11-00A0C91BC942}") = "test_realtime_strategy", "test_realtime_strategy.vcxproj", "{705E27B6-7257-370A-B86A-41C1D62617F3}"
	ProjectSection(ProjectDependencies) = postProject
		{7E6DD8B4-CC0E-36C1-9E66-8C219E240021} = {7E6DD8B4-CC0E-36C1-9E66-8C219E240021}
		{F44CBD9B-279F-39C5-B0F3-8EDEAB979C76} = {F44CBD9B-279F-39C5-B0F3-8EDEAB979C76}
	EndProjectSection
EndProject
Project("{8BC9CEB8-8B4A-11D0-8D11-00A0C91BC942}") = "test_recording_session", "test_recording_session.vcxproj", "{35E3003A-0419-3A47-9BA9-F769BEF4DB80}"
	ProjectSection(ProjectDependencies) = postProject
		{7E6DD8B4-CC0E-36C1-9E66-8C219E240021} = {7E6DD8B4-CC0E-36C1-9E66-8C219E240021}
		{F44CBD9B-279F-39C5-B0F3-8EDEAB979C76} = {F44CBD9B-279F-39C5-B0F3-8EDEAB979C76}
	EndProjectSection
EndProject
Project("{8BC9CEB8-8B4A-11D0-8D11-00A0C91BC942}") = "test_round_boundary_detector", "test_round_boundary_detector.vcxproj", "{5C264DEF-9A48-3AA2-9579-63DC765E207B}"
	ProjectSection(ProjectDependencies) = postProject
		{7E6DD8B4-CC0E-36C1-9E66-8C219E240021} = {7E6DD8B4-CC0E-36C1-9E66-8C219E240021}
		{F44CBD9B-279F-39C5-B0F3-8EDEAB979C76} = {F44CBD9B-279F-39C5-B0F3-8EDEAB979C76}
	EndProjectSection
EndProject
Project("{8BC9CEB8-8B4A-11D0-8D11-00A0C91BC942}") = "test_round_clip_builder", "test_round_clip_builder.vcxproj", "{EE332B07-1172-3740-82C2-F36FB5AF3EB0}"
	ProjectSection(ProjectDependencies) = postProject
		{7E6DD8B4-CC0E-36C1-9E66-8C219E240021} = {7E6DD8B4-CC0E-36C1-9E66-8C219E240021}
		{F44CBD9B-279F-39C5-B0F3-8EDEAB979C76} = {F44CBD9B-279F-39C5-B0F3-8EDEAB979C76}
	EndProjectSection
EndProject
Project("{8BC9CEB8-8B4A-11D0-8D11-00A0C91BC942}") = "test_runtime_layout", "test_runtime_layout.vcxproj", "{0CC3F32A-1D13-3E7F-997C-CBF1472B9B57}"
	ProjectSection(ProjectDependencies) = postProject
		{7E6DD8B4-CC0E-36C1-9E66-8C219E240021} = {7E6DD8B4-CC0E-36C1-9E66-8C219E240021}
		{F44CBD9B-279F-39C5-B0F3-8EDEAB979C76} = {F44CBD9B-279F-39C5-B0F3-8EDEAB979C76}
	EndProjectSection
EndProject
Project("{8BC9CEB8-8B4A-11D0-8D11-00A0C91BC942}") = "test_settings_dock", "test_settings_dock.vcxproj", "{6BC4019B-ACD0-39D5-ABFB-C04DB9487ECD}"
	ProjectSection(ProjectDependencies) = postProject
		{7E6DD8B4-CC0E-36C1-9E66-8C219E240021} = {7E6DD8B4-CC0E-36C1-9E66-8C219E240021}
		{F44CBD9B-279F-39C5-B0F3-8EDEAB979C76} = {F44CBD9B-279F-39C5-B0F3-8EDEAB979C76}
	EndProjectSection
EndProject
Project("{8BC9CEB8-8B4A-11D0-8D11-00A0C91BC942}") = "test_short_clip_refiner", "test_short_clip_refiner.vcxproj", "{D4F99B6C-1023-3DC3-94DF-4B00237907BA}"
	ProjectSection(ProjectDependencies) = postProject
		{7E6DD8B4-CC0E-36C1-9E66-8C219E240021} = {7E6DD8B4-CC0E-36C1-9E66-8C219E240021}
		{F44CBD9B-279F-39C5-B0F3-8EDEAB979C76} = {F44CBD9B-279F-39C5-B0F3-8EDEAB979C76}
	EndProjectSection
EndProject
Project("{8BC9CEB8-8B4A-11D0-8D11-00A0C91BC942}") = "test_ssr_debug", "test_ssr_debug.vcxproj", "{5958B9F2-7F61-37EF-B63E-6098DC022434}"
	ProjectSection(ProjectDependencies) = postProject
		{7E6DD8B4-CC0E-36C1-9E66-8C219E240021} = {7E6DD8B4-CC0E-36C1-9E66-8C219E240021}
		{F44CBD9B-279F-39C5-B0F3-8EDEAB979C76} = {F44CBD9B-279F-39C5-B0F3-8EDEAB979C76}
	EndProjectSection
EndProject
Project("{8BC9CEB8-8B4A-11D0-8D11-00A0C91BC942}") = "test_stream_capture", "test_stream_capture.vcxproj", "{04223EBA-7303-3DA5-AD32-64E4DEFDE3F0}"
	ProjectSection(ProjectDependencies) = postProject
		{7E6DD8B4-CC0E-36C1-9E66-8C219E240021} = {7E6DD8B4-CC0E-36C1-9E66-8C219E240021}
		{F44CBD9B-279F-39C5-B0F3-8EDEAB979C76} = {F44CBD9B-279F-39C5-B0F3-8EDEAB979C76}
	EndProjectSection
EndProject
Project("{8BC9CEB8-8B4A-11D0-8D11-00A0C91BC942}") = "test_task_center", "test_task_center.vcxproj", "{4BE3FA34-C110-3B92-BE11-AE861281329E}"
	ProjectSection(ProjectDependencies) = postProject
		{7E6DD8B4-CC0E-36C1-9E66-8C219E240021} = {7E6DD8B4-CC0E-36C1-9E66-8C219E240021}
		{F44CBD9B-279F-39C5-B0F3-8EDEAB979C76} = {F44CBD9B-279F-39C5-B0F3-8EDEAB979C76}
	EndProjectSection
EndProject
Project("{8BC9CEB8-8B4A-11D0-8D11-00A0C91BC942}") = "test_valorant_evaluation", "test_valorant_evaluation.vcxproj", "{4E844619-92F6-37EC-AA02-F8065543D227}"
	ProjectSection(ProjectDependencies) = postProject
		{7E6DD8B4-CC0E-36C1-9E66-8C219E240021} = {7E6DD8B4-CC0E-36C1-9E66-8C219E240021}
		{F44CBD9B-279F-39C5-B0F3-8EDEAB979C76} = {F44CBD9B-279F-39C5-B0F3-8EDEAB979C76}
	EndProjectSection
EndProject
Project("{8BC9CEB8-8B4A-11D0-8D11-00A0C91BC942}") = "test_video_analyzer", "test_video_analyzer.vcxproj", "{05A81FA5-A2EA-3AF6-8933-87107823EC08}"
	ProjectSection(ProjectDependencies) = postProject
		{7E6DD8B4-CC0E-36C1-9E66-8C219E240021} = {7E6DD8B4-CC0E-36C1-9E66-8C219E240021}
		{F44CBD9B-279F-39C5-B0F3-8EDEAB979C76} = {F44CBD9B-279F-39C5-B0F3-8EDEAB979C76}
	EndProjectSection
EndProject
Global
	GlobalSection(SolutionConfigurationPlatforms) = preSolution
		Debug|x64 = Debug|x64
		Release|x64 = Release|x64
		MinSizeRel|x64 = MinSizeRel|x64
		RelWithDebInfo|x64 = RelWithDebInfo|x64
	EndGlobalSection
	GlobalSection(ProjectConfigurationPlatforms) = postSolution
		{3A4B0B2D-7ABD-34D1-9031-3EEABA0E2BE8}.Debug|x64.ActiveCfg = Debug|x64
		{3A4B0B2D-7ABD-34D1-9031-3EEABA0E2BE8}.Release|x64.ActiveCfg = Release|x64
		{3A4B0B2D-7ABD-34D1-9031-3EEABA0E2BE8}.MinSizeRel|x64.ActiveCfg = MinSizeRel|x64
		{3A4B0B2D-7ABD-34D1-9031-3EEABA0E2BE8}.RelWithDebInfo|x64.ActiveCfg = RelWithDebInfo|x64
		{9F65E72B-EBFE-3048-AF19-773BDF10F711}.Debug|x64.ActiveCfg = Debug|x64
		{9F65E72B-EBFE-3048-AF19-773BDF10F711}.Release|x64.ActiveCfg = Release|x64
		{9F65E72B-EBFE-3048-AF19-773BDF10F711}.MinSizeRel|x64.ActiveCfg = MinSizeRel|x64
		{9F65E72B-EBFE-3048-AF19-773BDF10F711}.RelWithDebInfo|x64.ActiveCfg = RelWithDebInfo|x64
		{7E6DD8B4-CC0E-36C1-9E66-8C219E240021}.Debug|x64.ActiveCfg = Debug|x64
		{7E6DD8B4-CC0E-36C1-9E66-8C219E240021}.Debug|x64.Build.0 = Debug|x64
		{7E6DD8B4-CC0E-36C1-9E66-8C219E240021}.Release|x64.ActiveCfg = Release|x64
		{7E6DD8B4-CC0E-36C1-9E66-8C219E240021}.Release|x64.Build.0 = Release|x64
		{7E6DD8B4-CC0E-36C1-9E66-8C219E240021}.MinSizeRel|x64.ActiveCfg = MinSizeRel|x64
		{7E6DD8B4-CC0E-36C1-9E66-8C219E240021}.MinSizeRel|x64.Build.0 = MinSizeRel|x64
		{7E6DD8B4-CC0E-36C1-9E66-8C219E240021}.RelWithDebInfo|x64.ActiveCfg = RelWithDebInfo|x64
		{7E6DD8B4-CC0E-36C1-9E66-8C219E240021}.RelWithDebInfo|x64.Build.0 = RelWithDebInfo|x64
		{F44CBD9B-279F-39C5-B0F3-8EDEAB979C76}.Debug|x64.ActiveCfg = Debug|x64
		{F44CBD9B-279F-39C5-B0F3-8EDEAB979C76}.Debug|x64.Build.0 = Debug|x64
		{F44CBD9B-279F-39C5-B0F3-8EDEAB979C76}.Release|x64.ActiveCfg = Release|x64
		{F44CBD9B-279F-39C5-B0F3-8EDEAB979C76}.Release|x64.Build.0 = Release|x64
		{F44CBD9B-279F-39C5-B0F3-8EDEAB979C76}.MinSizeRel|x64.ActiveCfg = MinSizeRel|x64
		{F44CBD9B-279F-39C5-B0F3-8EDEAB979C76}.MinSizeRel|x64.Build.0 = MinSizeRel|x64
		{F44CBD9B-279F-39C5-B0F3-8EDEAB979C76}.RelWithDebInfo|x64.ActiveCfg = RelWithDebInfo|x64
		{F44CBD9B-279F-39C5-B0F3-8EDEAB979C76}.RelWithDebInfo|x64.Build.0 = RelWithDebInfo|x64
		{4F8D6C3B-F89F-3B5E-8132-60A6C35CD8F6}.Debug|x64.ActiveCfg = Debug|x64
		{4F8D6C3B-F89F-3B5E-8132-60A6C35CD8F6}.Debug|x64.Build.0 = Debug|x64
		{4F8D6C3B-F89F-3B5E-8132-60A6C35CD8F6}.Release|x64.ActiveCfg = Release|x64
		{4F8D6C3B-F89F-3B5E-8132-60A6C35CD8F6}.Release|x64.Build.0 = Release|x64
		{4F8D6C3B-F89F-3B5E-8132-60A6C35CD8F6}.MinSizeRel|x64.ActiveCfg = MinSizeRel|x64
		{4F8D6C3B-F89F-3B5E-8132-60A6C35CD8F6}.MinSizeRel|x64.Build.0 = MinSizeRel|x64
		{4F8D6C3B-F89F-3B5E-8132-60A6C35CD8F6}.RelWithDebInfo|x64.ActiveCfg = RelWithDebInfo|x64
		{4F8D6C3B-F89F-3B5E-8132-60A6C35CD8F6}.RelWithDebInfo|x64.Build.0 = RelWithDebInfo|x64
		{389ABCFA-5613-35E8-812D-8BEE1195FDCF}.Debug|x64.ActiveCfg = Debug|x64
		{389ABCFA-5613-35E8-812D-8BEE1195FDCF}.Debug|x64.Build.0 = Debug|x64
		{389ABCFA-5613-35E8-812D-8BEE1195FDCF}.Release|x64.ActiveCfg = Release|x64
		{389ABCFA-5613-35E8-812D-8BEE1195FDCF}.Release|x64.Build.0 = Release|x64
		{389ABCFA-5613-35E8-812D-8BEE1195FDCF}.MinSizeRel|x64.ActiveCfg = MinSizeRel|x64
		{389ABCFA-5613-35E8-812D-8BEE1195FDCF}.MinSizeRel|x64.Build.0 = MinSizeRel|x64
		{389ABCFA-5613-35E8-812D-8BEE1195FDCF}.RelWithDebInfo|x64.ActiveCfg = RelWithDebInfo|x64
		{389ABCFA-5613-35E8-812D-8BEE1195FDCF}.RelWithDebInfo|x64.Build.0 = RelWithDebInfo|x64
		{09FD90C5-B41A-37F7-9962-821CB69A08EA}.Debug|x64.ActiveCfg = Debug|x64
		{09FD90C5-B41A-37F7-9962-821CB69A08EA}.Debug|x64.Build.0 = Debug|x64
		{09FD90C5-B41A-37F7-9962-821CB69A08EA}.Release|x64.ActiveCfg = Release|x64
		{09FD90C5-B41A-37F7-9962-821CB69A08EA}.Release|x64.Build.0 = Release|x64
		{09FD90C5-B41A-37F7-9962-821CB69A08EA}.MinSizeRel|x64.ActiveCfg = MinSizeRel|x64
		{09FD90C5-B41A-37F7-9962-821CB69A08EA}.MinSizeRel|x64.Build.0 = MinSizeRel|x64
		{09FD90C5-B41A-37F7-9962-821CB69A08EA}.RelWithDebInfo|x64.ActiveCfg = RelWithDebInfo|x64
		{09FD90C5-B41A-37F7-9962-821CB69A08EA}.RelWithDebInfo|x64.Build.0 = RelWithDebInfo|x64
		{341F85E5-5805-347A-BB02-C94B58F8EB9F}.Debug|x64.ActiveCfg = Debug|x64
		{341F85E5-5805-347A-BB02-C94B58F8EB9F}.Debug|x64.Build.0 = Debug|x64
		{341F85E5-5805-347A-BB02-C94B58F8EB9F}.Release|x64.ActiveCfg = Release|x64
		{341F85E5-5805-347A-BB02-C94B58F8EB9F}.Release|x64.Build.0 = Release|x64
		{341F85E5-5805-347A-BB02-C94B58F8EB9F}.MinSizeRel|x64.ActiveCfg = MinSizeRel|x64
		{341F85E5-5805-347A-BB02-C94B58F8EB9F}.MinSizeRel|x64.Build.0 = MinSizeRel|x64
		{341F85E5-5805-347A-BB02-C94B58F8EB9F}.RelWithDebInfo|x64.ActiveCfg = RelWithDebInfo|x64
		{341F85E5-5805-347A-BB02-C94B58F8EB9F}.RelWithDebInfo|x64.Build.0 = RelWithDebInfo|x64
		{69F48733-B89E-3789-BE90-1B9DE91A9F15}.Debug|x64.ActiveCfg = Debug|x64
		{69F48733-B89E-3789-BE90-1B9DE91A9F15}.Debug|x64.Build.0 = Debug|x64
		{69F48733-B89E-3789-BE90-1B9DE91A9F15}.Release|x64.ActiveCfg = Release|x64
		{69F48733-B89E-3789-BE90-1B9DE91A9F15}.Release|x64.Build.0 = Release|x64
		{69F48733-B89E-3789-BE90-1B9DE91A9F15}.MinSizeRel|x64.ActiveCfg = MinSizeRel|x64
		{69F48733-B89E-3789-BE90-1B9DE91A9F15}.MinSizeRel|x64.Build.0 = MinSizeRel|x64
		{69F48733-B89E-3789-BE90-1B9DE91A9F15}.RelWithDebInfo|x64.ActiveCfg = RelWithDebInfo|x64
		{69F48733-B89E-3789-BE90-1B9DE91A9F15}.RelWithDebInfo|x64.Build.0 = RelWithDebInfo|x64
		{73FA93E4-5610-3474-84DE-D4A6BEEC49B6}.Debug|x64.ActiveCfg = Debug|x64
		{73FA93E4-5610-3474-84DE-D4A6BEEC49B6}.Debug|x64.Build.0 = Debug|x64
		{73FA93E4-5610-3474-84DE-D4A6BEEC49B6}.Release|x64.ActiveCfg = Release|x64
		{73FA93E4-5610-3474-84DE-D4A6BEEC49B6}.Release|x64.Build.0 = Release|x64
		{73FA93E4-5610-3474-84DE-D4A6BEEC49B6}.MinSizeRel|x64.ActiveCfg = MinSizeRel|x64
		{73FA93E4-5610-3474-84DE-D4A6BEEC49B6}.MinSizeRel|x64.Build.0 = MinSizeRel|x64
		{73FA93E4-5610-3474-84DE-D4A6BEEC49B6}.RelWithDebInfo|x64.ActiveCfg = RelWithDebInfo|x64
		{73FA93E4-5610-3474-84DE-D4A6BEEC49B6}.RelWithDebInfo|x64.Build.0 = RelWithDebInfo|x64
		{28228318-76C8-3ADA-B895-E57C18014DFE}.Debug|x64.ActiveCfg = Debug|x64
		{28228318-76C8-3ADA-B895-E57C18014DFE}.Debug|x64.Build.0 = Debug|x64
		{28228318-76C8-3ADA-B895-E57C18014DFE}.Release|x64.ActiveCfg = Release|x64
		{28228318-76C8-3ADA-B895-E57C18014DFE}.Release|x64.Build.0 = Release|x64
		{28228318-76C8-3ADA-B895-E57C18014DFE}.MinSizeRel|x64.ActiveCfg = MinSizeRel|x64
		{28228318-76C8-3ADA-B895-E57C18014DFE}.MinSizeRel|x64.Build.0 = MinSizeRel|x64
		{28228318-76C8-3ADA-B895-E57C18014DFE}.RelWithDebInfo|x64.ActiveCfg = RelWithDebInfo|x64
		{28228318-76C8-3ADA-B895-E57C18014DFE}.RelWithDebInfo|x64.Build.0 = RelWithDebInfo|x64
		{A5DEA71A-F4FE-3D3E-937E-56028F4B635B}.Debug|x64.ActiveCfg = Debug|x64
		{A5DEA71A-F4FE-3D3E-937E-56028F4B635B}.Debug|x64.Build.0 = Debug|x64
		{A5DEA71A-F4FE-3D3E-937E-56028F4B635B}.Release|x64.ActiveCfg = Release|x64
		{A5DEA71A-F4FE-3D3E-937E-56028F4B635B}.Release|x64.Build.0 = Release|x64
		{A5DEA71A-F4FE-3D3E-937E-56028F4B635B}.MinSizeRel|x64.ActiveCfg = MinSizeRel|x64
		{A5DEA71A-F4FE-3D3E-937E-56028F4B635B}.MinSizeRel|x64.Build.0 = MinSizeRel|x64
		{A5DEA71A-F4FE-3D3E-937E-56028F4B635B}.RelWithDebInfo|x64.ActiveCfg = RelWithDebInfo|x64
		{A5DEA71A-F4FE-3D3E-937E-56028F4B635B}.RelWithDebInfo|x64.Build.0 = RelWithDebInfo|x64
		{EFB14078-3029-3359-B65D-AC9E79F9F906}.Debug|x64.ActiveCfg = Debug|x64
		{EFB14078-3029-3359-B65D-AC9E79F9F906}.Debug|x64.Build.0 = Debug|x64
		{EFB14078-3029-3359-B65D-AC9E79F9F906}.Release|x64.ActiveCfg = Release|x64
		{EFB14078-3029-3359-B65D-AC9E79F9F906}.Release|x64.Build.0 = Release|x64
		{EFB14078-3029-3359-B65D-AC9E79F9F906}.MinSizeRel|x64.ActiveCfg = MinSizeRel|x64
		{EFB14078-3029-3359-B65D-AC9E79F9F906}.MinSizeRel|x64.Build.0 = MinSizeRel|x64
		{EFB14078-3029-3359-B65D-AC9E79F9F906}.RelWithDebInfo|x64.ActiveCfg = RelWithDebInfo|x64
		{EFB14078-3029-3359-B65D-AC9E79F9F906}.RelWithDebInfo|x64.Build.0 = RelWithDebInfo|x64
		{A2A336BE-8D49-34DC-A697-9316FF2BB102}.Debug|x64.ActiveCfg = Debug|x64
		{A2A336BE-8D49-34DC-A697-9316FF2BB102}.Debug|x64.Build.0 = Debug|x64
		{A2A336BE-8D49-34DC-A697-9316FF2BB102}.Release|x64.ActiveCfg = Release|x64
		{A2A336BE-8D49-34DC-A697-9316FF2BB102}.Release|x64.Build.0 = Release|x64
		{A2A336BE-8D49-34DC-A697-9316FF2BB102}.MinSizeRel|x64.ActiveCfg = MinSizeRel|x64
		{A2A336BE-8D49-34DC-A697-9316FF2BB102}.MinSizeRel|x64.Build.0 = MinSizeRel|x64
		{A2A336BE-8D49-34DC-A697-9316FF2BB102}.RelWithDebInfo|x64.ActiveCfg = RelWithDebInfo|x64
		{A2A336BE-8D49-34DC-A697-9316FF2BB102}.RelWithDebInfo|x64.Build.0 = RelWithDebInfo|x64
		{3BD44C32-22AD-3B4A-9334-75DE511EDB63}.Debug|x64.ActiveCfg = Debug|x64
		{3BD44C32-22AD-3B4A-9334-75DE511EDB63}.Debug|x64.Build.0 = Debug|x64
		{3BD44C32-22AD-3B4A-9334-75DE511EDB63}.Release|x64.ActiveCfg = Release|x64
		{3BD44C32-22AD-3B4A-9334-75DE511EDB63}.Release|x64.Build.0 = Release|x64
		{3BD44C32-22AD-3B4A-9334-75DE511EDB63}.MinSizeRel|x64.ActiveCfg = MinSizeRel|x64
		{3BD44C32-22AD-3B4A-9334-75DE511EDB63}.MinSizeRel|x64.Build.0 = MinSizeRel|x64
		{3BD44C32-22AD-3B4A-9334-75DE511EDB63}.RelWithDebInfo|x64.ActiveCfg = RelWithDebInfo|x64
		{3BD44C32-22AD-3B4A-9334-75DE511EDB63}.RelWithDebInfo|x64.Build.0 = RelWithDebInfo|x64
		{6E42B86D-E8FA-3A94-A2DB-FD63443E647B}.Debug|x64.ActiveCfg = Debug|x64
		{6E42B86D-E8FA-3A94-A2DB-FD63443E647B}.Debug|x64.Build.0 = Debug|x64
		{6E42B86D-E8FA-3A94-A2DB-FD63443E647B}.Release|x64.ActiveCfg = Release|x64
		{6E42B86D-E8FA-3A94-A2DB-FD63443E647B}.Release|x64.Build.0 = Release|x64
		{6E42B86D-E8FA-3A94-A2DB-FD63443E647B}.MinSizeRel|x64.ActiveCfg = MinSizeRel|x64
		{6E42B86D-E8FA-3A94-A2DB-FD63443E647B}.MinSizeRel|x64.Build.0 = MinSizeRel|x64
		{6E42B86D-E8FA-3A94-A2DB-FD63443E647B}.RelWithDebInfo|x64.ActiveCfg = RelWithDebInfo|x64
		{6E42B86D-E8FA-3A94-A2DB-FD63443E647B}.RelWithDebInfo|x64.Build.0 = RelWithDebInfo|x64
		{4FDD810F-1C97-34F4-BB30-F3C3A8DCD336}.Debug|x64.ActiveCfg = Debug|x64
		{4FDD810F-1C97-34F4-BB30-F3C3A8DCD336}.Debug|x64.Build.0 = Debug|x64
		{4FDD810F-1C97-34F4-BB30-F3C3A8DCD336}.Release|x64.ActiveCfg = Release|x64
		{4FDD810F-1C97-34F4-BB30-F3C3A8DCD336}.Release|x64.Build.0 = Release|x64
		{4FDD810F-1C97-34F4-BB30-F3C3A8DCD336}.MinSizeRel|x64.ActiveCfg = MinSizeRel|x64
		{4FDD810F-1C97-34F4-BB30-F3C3A8DCD336}.MinSizeRel|x64.Build.0 = MinSizeRel|x64
		{4FDD810F-1C97-34F4-BB30-F3C3A8DCD336}.RelWithDebInfo|x64.ActiveCfg = RelWithDebInfo|x64
		{4FDD810F-1C97-34F4-BB30-F3C3A8DCD336}.RelWithDebInfo|x64.Build.0 = RelWithDebInfo|x64
		{1C9D61C4-F3A5-3A34-BCE0-C81A555FFEF6}.Debug|x64.ActiveCfg = Debug|x64
		{1C9D61C4-F3A5-3A34-BCE0-C81A555FFEF6}.Debug|x64.Build.0 = Debug|x64
		{1C9D61C4-F3A5-3A34-BCE0-C81A555FFEF6}.Release|x64.ActiveCfg = Release|x64
		{1C9D61C4-F3A5-3A34-BCE0-C81A555FFEF6}.Release|x64.Build.0 = Release|x64
		{1C9D61C4-F3A5-3A34-BCE0-C81A555FFEF6}.MinSizeRel|x64.ActiveCfg = MinSizeRel|x64
		{1C9D61C4-F3A5-3A34-BCE0-C81A555FFEF6}.MinSizeRel|x64.Build.0 = MinSizeRel|x64
		{1C9D61C4-F3A5-3A34-BCE0-C81A555FFEF6}.RelWithDebInfo|x64.ActiveCfg = RelWithDebInfo|x64
		{1C9D61C4-F3A5-3A34-BCE0-C81A555FFEF6}.RelWithDebInfo|x64.Build.0 = RelWithDebInfo|x64
		{1DDEBE96-A478-3F2E-8B26-0DCB40F514FB}.Debug|x64.ActiveCfg = Debug|x64
		{1DDEBE96-A478-3F2E-8B26-0DCB40F514FB}.Debug|x64.Build.0 = Debug|x64
		{1DDEBE96-A478-3F2E-8B26-0DCB40F514FB}.Release|x64.ActiveCfg = Release|x64
		{1DDEBE96-A478-3F2E-8B26-0DCB40F514FB}.Release|x64.Build.0 = Release|x64
		{1DDEBE96-A478-3F2E-8B26-0DCB40F514FB}.MinSizeRel|x64.ActiveCfg = MinSizeRel|x64
		{1DDEBE96-A478-3F2E-8B26-0DCB40F514FB}.MinSizeRel|x64.Build.0 = MinSizeRel|x64
		{1DDEBE96-A478-3F2E-8B26-0DCB40F514FB}.RelWithDebInfo|x64.ActiveCfg = RelWithDebInfo|x64
		{1DDEBE96-A478-3F2E-8B26-0DCB40F514FB}.RelWithDebInfo|x64.Build.0 = RelWithDebInfo|x64
		{4FAD5D15-1A0D-38F3-A11C-A46B499CA4C9}.Debug|x64.ActiveCfg = Debug|x64
		{4FAD5D15-1A0D-38F3-A11C-A46B499CA4C9}.Debug|x64.Build.0 = Debug|x64
		{4FAD5D15-1A0D-38F3-A11C-A46B499CA4C9}.Release|x64.ActiveCfg = Release|x64
		{4FAD5D15-1A0D-38F3-A11C-A46B499CA4C9}.Release|x64.Build.0 = Release|x64
		{4FAD5D15-1A0D-38F3-A11C-A46B499CA4C9}.MinSizeRel|x64.ActiveCfg = MinSizeRel|x64
		{4FAD5D15-1A0D-38F3-A11C-A46B499CA4C9}.MinSizeRel|x64.Build.0 = MinSizeRel|x64
		{4FAD5D15-1A0D-38F3-A11C-A46B499CA4C9}.RelWithDebInfo|x64.ActiveCfg = RelWithDebInfo|x64
		{4FAD5D15-1A0D-38F3-A11C-A46B499CA4C9}.RelWithDebInfo|x64.Build.0 = RelWithDebInfo|x64
		{51683840-EE81-3D2D-AE8E-D144395BC5EA}.Debug|x64.ActiveCfg = Debug|x64
		{51683840-EE81-3D2D-AE8E-D144395BC5EA}.Debug|x64.Build.0 = Debug|x64
		{51683840-EE81-3D2D-AE8E-D144395BC5EA}.Release|x64.ActiveCfg = Release|x64
		{51683840-EE81-3D2D-AE8E-D144395BC5EA}.Release|x64.Build.0 = Release|x64
		{51683840-EE81-3D2D-AE8E-D144395BC5EA}.MinSizeRel|x64.ActiveCfg = MinSizeRel|x64
		{51683840-EE81-3D2D-AE8E-D144395BC5EA}.MinSizeRel|x64.Build.0 = MinSizeRel|x64
		{51683840-EE81-3D2D-AE8E-D144395BC5EA}.RelWithDebInfo|x64.ActiveCfg = RelWithDebInfo|x64
		{51683840-EE81-3D2D-AE8E-D144395BC5EA}.RelWithDebInfo|x64.Build.0 = RelWithDebInfo|x64
		{C6D2DC27-3443-3AA3-B5E5-B0A4B000B851}.Debug|x64.ActiveCfg = Debug|x64
		{C6D2DC27-3443-3AA3-B5E5-B0A4B000B851}.Debug|x64.Build.0 = Debug|x64
		{C6D2DC27-3443-3AA3-B5E5-B0A4B000B851}.Release|x64.ActiveCfg = Release|x64
		{C6D2DC27-3443-3AA3-B5E5-B0A4B000B851}.Release|x64.Build.0 = Release|x64
		{C6D2DC27-3443-3AA3-B5E5-B0A4B000B851}.MinSizeRel|x64.ActiveCfg = MinSizeRel|x64
		{C6D2DC27-3443-3AA3-B5E5-B0A4B000B851}.MinSizeRel|x64.Build.0 = MinSizeRel|x64
		{C6D2DC27-3443-3AA3-B5E5-B0A4B000B851}.RelWithDebInfo|x64.ActiveCfg = RelWithDebInfo|x64
		{C6D2DC27-3443-3AA3-B5E5-B0A4B000B851}.RelWithDebInfo|x64.Build.0 = RelWithDebInfo|x64
		{63EBEC5C-4C19-3AED-8CE1-EC601536076D}.Debug|x64.ActiveCfg = Debug|x64
		{63EBEC5C-4C19-3AED-8CE1-EC601536076D}.Debug|x64.Build.0 = Debug|x64
		{63EBEC5C-4C19-3AED-8CE1-EC601536076D}.Release|x64.ActiveCfg = Release|x64
		{63EBEC5C-4C19-3AED-8CE1-EC601536076D}.Release|x64.Build.0 = Release|x64
		{63EBEC5C-4C19-3AED-8CE1-EC601536076D}.MinSizeRel|x64.ActiveCfg = MinSizeRel|x64
		{63EBEC5C-4C19-3AED-8CE1-EC601536076D}.MinSizeRel|x64.Build.0 = MinSizeRel|x64
		{63EBEC5C-4C19-3AED-8CE1-EC601536076D}.RelWithDebInfo|x64.ActiveCfg = RelWithDebInfo|x64
		{63EBEC5C-4C19-3AED-8CE1-EC601536076D}.RelWithDebInfo|x64.Build.0 = RelWithDebInfo|x64
		{705E27B6-7257-370A-B86A-41C1D62617F3}.Debug|x64.ActiveCfg = Debug|x64
		{705E27B6-7257-370A-B86A-41C1D62617F3}.Debug|x64.Build.0 = Debug|x64
		{705E27B6-7257-370A-B86A-41C1D62617F3}.Release|x64.ActiveCfg = Release|x64
		{705E27B6-7257-370A-B86A-41C1D62617F3}.Release|x64.Build.0 = Release|x64
		{705E27B6-7257-370A-B86A-41C1D62617F3}.MinSizeRel|x64.ActiveCfg = MinSizeRel|x64
		{705E27B6-7257-370A-B86A-41C1D62617F3}.MinSizeRel|x64.Build.0 = MinSizeRel|x64
		{705E27B6-7257-370A-B86A-41C1D62617F3}.RelWithDebInfo|x64.ActiveCfg = RelWithDebInfo|x64
		{705E27B6-7257-370A-B86A-41C1D62617F3}.RelWithDebInfo|x64.Build.0 = RelWithDebInfo|x64
		{35E3003A-0419-3A47-9BA9-F769BEF4DB80}.Debug|x64.ActiveCfg = Debug|x64
		{35E3003A-0419-3A47-9BA9-F769BEF4DB80}.Debug|x64.Build.0 = Debug|x64
		{35E3003A-0419-3A47-9BA9-F769BEF4DB80}.Release|x64.ActiveCfg = Release|x64
		{35E3003A-0419-3A47-9BA9-F769BEF4DB80}.Release|x64.Build.0 = Release|x64
		{35E3003A-0419-3A47-9BA9-F769BEF4DB80}.MinSizeRel|x64.ActiveCfg = MinSizeRel|x64
		{35E3003A-0419-3A47-9BA9-F769BEF4DB80}.MinSizeRel|x64.Build.0 = MinSizeRel|x64
		{35E3003A-0419-3A47-9BA9-F769BEF4DB80}.RelWithDebInfo|x64.ActiveCfg = RelWithDebInfo|x64
		{35E3003A-0419-3A47-9BA9-F769BEF4DB80}.RelWithDebInfo|x64.Build.0 = RelWithDebInfo|x64
		{5C264DEF-9A48-3AA2-9579-63DC765E207B}.Debug|x64.ActiveCfg = Debug|x64
		{5C264DEF-9A48-3AA2-9579-63DC765E207B}.Debug|x64.Build.0 = Debug|x64
		{5C264DEF-9A48-3AA2-9579-63DC765E207B}.Release|x64.ActiveCfg = Release|x64
		{5C264DEF-9A48-3AA2-9579-63DC765E207B}.Release|x64.Build.0 = Release|x64
		{5C264DEF-9A48-3AA2-9579-63DC765E207B}.MinSizeRel|x64.ActiveCfg = MinSizeRel|x64
		{5C264DEF-9A48-3AA2-9579-63DC765E207B}.MinSizeRel|x64.Build.0 = MinSizeRel|x64
		{5C264DEF-9A48-3AA2-9579-63DC765E207B}.RelWithDebInfo|x64.ActiveCfg = RelWithDebInfo|x64
		{5C264DEF-9A48-3AA2-9579-63DC765E207B}.RelWithDebInfo|x64.Build.0 = RelWithDebInfo|x64
		{EE332B07-1172-3740-82C2-F36FB5AF3EB0}.Debug|x64.ActiveCfg = Debug|x64
		{EE332B07-1172-3740-82C2-F36FB5AF3EB0}.Debug|x64.Build.0 = Debug|x64
		{EE332B07-1172-3740-82C2-F36FB5AF3EB0}.Release|x64.ActiveCfg = Release|x64
		{EE332B07-1172-3740-82C2-F36FB5AF3EB0}.Release|x64.Build.0 = Release|x64
		{EE332B07-1172-3740-82C2-F36FB5AF3EB0}.MinSizeRel|x64.ActiveCfg = MinSizeRel|x64
		{EE332B07-1172-3740-82C2-F36FB5AF3EB0}.MinSizeRel|x64.Build.0 = MinSizeRel|x64
		{EE332B07-1172-3740-82C2-F36FB5AF3EB0}.RelWithDebInfo|x64.ActiveCfg = RelWithDebInfo|x64
		{EE332B07-1172-3740-82C2-F36FB5AF3EB0}.RelWithDebInfo|x64.Build.0 = RelWithDebInfo|x64
		{0CC3F32A-1D13-3E7F-997C-CBF1472B9B57}.Debug|x64.ActiveCfg = Debug|x64
		{0CC3F32A-1D13-3E7F-997C-CBF1472B9B57}.Debug|x64.Build.0 = Debug|x64
		{0CC3F32A-1D13-3E7F-997C-CBF1472B9B57}.Release|x64.ActiveCfg = Release|x64
		{0CC3F32A-1D13-3E7F-997C-CBF1472B9B57}.Release|x64.Build.0 = Release|x64
		{0CC3F32A-1D13-3E7F-997C-CBF1472B9B57}.MinSizeRel|x64.ActiveCfg = MinSizeRel|x64
		{0CC3F32A-1D13-3E7F-997C-CBF1472B9B57}.MinSizeRel|x64.Build.0 = MinSizeRel|x64
		{0CC3F32A-1D13-3E7F-997C-CBF1472B9B57}.RelWithDebInfo|x64.ActiveCfg = RelWithDebInfo|x64
		{0CC3F32A-1D13-3E7F-997C-CBF1472B9B57}.RelWithDebInfo|x64.Build.0 = RelWithDebInfo|x64
		{6BC4019B-ACD0-39D5-ABFB-C04DB9487ECD}.Debug|x64.ActiveCfg = Debug|x64
		{6BC4019B-ACD0-39D5-ABFB-C04DB9487ECD}.Debug|x64.Build.0 = Debug|x64
		{6BC4019B-ACD0-39D5-ABFB-C04DB9487ECD}.Release|x64.ActiveCfg = Release|x64
		{6BC4019B-ACD0-39D5-ABFB-C04DB9487ECD}.Release|x64.Build.0 = Release|x64
		{6BC4019B-ACD0-39D5-ABFB-C04DB9487ECD}.MinSizeRel|x64.ActiveCfg = MinSizeRel|x64
		{6BC4019B-ACD0-39D5-ABFB-C04DB9487ECD}.MinSizeRel|x64.Build.0 = MinSizeRel|x64
		{6BC4019B-ACD0-39D5-ABFB-C04DB9487ECD}.RelWithDebInfo|x64.ActiveCfg = RelWithDebInfo|x64
		{6BC4019B-ACD0-39D5-ABFB-C04DB9487ECD}.RelWithDebInfo|x64.Build.0 = RelWithDebInfo|x64
		{D4F99B6C-1023-3DC3-94DF-4B00237907BA}.Debug|x64.ActiveCfg = Debug|x64
		{D4F99B6C-1023-3DC3-94DF-4B00237907BA}.Debug|x64.Build.0 = Debug|x64
		{D4F99B6C-1023-3DC3-94DF-4B00237907BA}.Release|x64.ActiveCfg = Release|x64
		{D4F99B6C-1023-3DC3-94DF-4B00237907BA}.Release|x64.Build.0 = Release|x64
		{D4F99B6C-1023-3DC3-94DF-4B00237907BA}.MinSizeRel|x64.ActiveCfg = MinSizeRel|x64
		{D4F99B6C-1023-3DC3-94DF-4B00237907BA}.MinSizeRel|x64.Build.0 = MinSizeRel|x64
		{D4F99B6C-1023-3DC3-94DF-4B00237907BA}.RelWithDebInfo|x64.ActiveCfg = RelWithDebInfo|x64
		{D4F99B6C-1023-3DC3-94DF-4B00237907BA}.RelWithDebInfo|x64.Build.0 = RelWithDebInfo|x64
		{5958B9F2-7F61-37EF-B63E-6098DC022434}.Debug|x64.ActiveCfg = Debug|x64
		{5958B9F2-7F61-37EF-B63E-6098DC022434}.Debug|x64.Build.0 = Debug|x64
		{5958B9F2-7F61-37EF-B63E-6098DC022434}.Release|x64.ActiveCfg = Release|x64
		{5958B9F2-7F61-37EF-B63E-6098DC022434}.Release|x64.Build.0 = Release|x64
		{5958B9F2-7F61-37EF-B63E-6098DC022434}.MinSizeRel|x64.ActiveCfg = MinSizeRel|x64
		{5958B9F2-7F61-37EF-B63E-6098DC022434}.MinSizeRel|x64.Build.0 = MinSizeRel|x64
		{5958B9F2-7F61-37EF-B63E-6098DC022434}.RelWithDebInfo|x64.ActiveCfg = RelWithDebInfo|x64
		{5958B9F2-7F61-37EF-B63E-6098DC022434}.RelWithDebInfo|x64.Build.0 = RelWithDebInfo|x64
		{04223EBA-7303-3DA5-AD32-64E4DEFDE3F0}.Debug|x64.ActiveCfg = Debug|x64
		{04223EBA-7303-3DA5-AD32-64E4DEFDE3F0}.Debug|x64.Build.0 = Debug|x64
		{04223EBA-7303-3DA5-AD32-64E4DEFDE3F0}.Release|x64.ActiveCfg = Release|x64
		{04223EBA-7303-3DA5-AD32-64E4DEFDE3F0}.Release|x64.Build.0 = Release|x64
		{04223EBA-7303-3DA5-AD32-64E4DEFDE3F0}.MinSizeRel|x64.ActiveCfg = MinSizeRel|x64
		{04223EBA-7303-3DA5-AD32-64E4DEFDE3F0}.MinSizeRel|x64.Build.0 = MinSizeRel|x64
		{04223EBA-7303-3DA5-AD32-64E4DEFDE3F0}.RelWithDebInfo|x64.ActiveCfg = RelWithDebInfo|x64
		{04223EBA-7303-3DA5-AD32-64E4DEFDE3F0}.RelWithDebInfo|x64.Build.0 = RelWithDebInfo|x64
		{4BE3FA34-C110-3B92-BE11-AE861281329E}.Debug|x64.ActiveCfg = Debug|x64
		{4BE3FA34-C110-3B92-BE11-AE861281329E}.Debug|x64.Build.0 = Debug|x64
		{4BE3FA34-C110-3B92-BE11-AE861281329E}.Release|x64.ActiveCfg = Release|x64
		{4BE3FA34-C110-3B92-BE11-AE861281329E}.Release|x64.Build.0 = Release|x64
		{4BE3FA34-C110-3B92-BE11-AE861281329E}.MinSizeRel|x64.ActiveCfg = MinSizeRel|x64
		{4BE3FA34-C110-3B92-BE11-AE861281329E}.MinSizeRel|x64.Build.0 = MinSizeRel|x64
		{4BE3FA34-C110-3B92-BE11-AE861281329E}.RelWithDebInfo|x64.ActiveCfg = RelWithDebInfo|x64
		{4BE3FA34-C110-3B92-BE11-AE861281329E}.RelWithDebInfo|x64.Build.0 = RelWithDebInfo|x64
		{4E844619-92F6-37EC-AA02-F8065543D227}.Debug|x64.ActiveCfg = Debug|x64
		{4E844619-92F6-37EC-AA02-F8065543D227}.Debug|x64.Build.0 = Debug|x64
		{4E844619-92F6-37EC-AA02-F8065543D227}.Release|x64.ActiveCfg = Release|x64
		{4E844619-92F6-37EC-AA02-F8065543D227}.Release|x64.Build.0 = Release|x64
		{4E844619-92F6-37EC-AA02-F8065543D227}.MinSizeRel|x64.ActiveCfg = MinSizeRel|x64
		{4E844619-92F6-37EC-AA02-F8065543D227}.MinSizeRel|x64.Build.0 = MinSizeRel|x64
		{4E844619-92F6-37EC-AA02-F8065543D227}.RelWithDebInfo|x64.ActiveCfg = RelWithDebInfo|x64
		{4E844619-92F6-37EC-AA02-F8065543D227}.RelWithDebInfo|x64.Build.0 = RelWithDebInfo|x64
		{05A81FA5-A2EA-3AF6-8933-87107823EC08}.Debug|x64.ActiveCfg = Debug|x64
		{05A81FA5-A2EA-3AF6-8933-87107823EC08}.Debug|x64.Build.0 = Debug|x64
		{05A81FA5-A2EA-3AF6-8933-87107823EC08}.Release|x64.ActiveCfg = Release|x64
		{05A81FA5-A2EA-3AF6-8933-87107823EC08}.Release|x64.Build.0 = Release|x64
		{05A81FA5-A2EA-3AF6-8933-87107823EC08}.MinSizeRel|x64.ActiveCfg = MinSizeRel|x64
		{05A81FA5-A2EA-3AF6-8933-87107823EC08}.MinSizeRel|x64.Build.0 = MinSizeRel|x64
		{05A81FA5-A2EA-3AF6-8933-87107823EC08}.RelWithDebInfo|x64.ActiveCfg = RelWithDebInfo|x64
		{05A81FA5-A2EA-3AF6-8933-87107823EC08}.RelWithDebInfo|x64.Build.0 = RelWithDebInfo|x64
	EndGlobalSection
	GlobalSection(ExtensibilityGlobals) = postSolution
		SolutionGuid = {5D2CFE08-A4D0-3119-B42A-B57CF04136F2}
	EndGlobalSection
	GlobalSection(ExtensibilityAddIns) = postSolution
	EndGlobalSection
EndGlobal
