<?xml version="1.0" encoding="utf-8"?>
<Project ToolsVersion="17.0" xmlns="http://schemas.microsoft.com/developer/msbuild/2003">
  <ItemGroup>
    <CustomBuild Include="D:\Project\直播切片\shotcut-source\src\lsc\build-verify2\CMakeFiles\8490dbd8a51966bc7141b2a632345d06\RUN_TESTS_force.rule">
      <Filter>CMake Rules</Filter>
    </CustomBuild>
  </ItemGroup>
  <ItemGroup>
    <Filter Include="CMake Rules">
      <UniqueIdentifier>{AEA6D6B0-72B1-3BDC-AD61-B2F7D0FE58BB}</UniqueIdentifier>
    </Filter>
  </ItemGroup>
</Project>
