<?xml version="1.0" encoding="utf-8"?>
<Project ToolsVersion="17.0" xmlns="http://schemas.microsoft.com/developer/msbuild/2003">
  <ItemGroup>
    <ClCompile Include="D:\Project\直播切片\shotcut-source\src\lsc\build-verify2\test_live_preview_autogen\mocs_compilation_Debug.cpp">
      <Filter>Source Files</Filter>
    </ClCompile>
    <ClCompile Include="D:\Project\直播切片\shotcut-source\src\lsc\tests\test_live_preview.cpp">
      <Filter>Source Files</Filter>
    </ClCompile>
    <ClCompile Include="D:\Project\直播切片\shotcut-source\src\lsc\build-verify2\test_live_preview_autogen\mocs_compilation_Release.cpp">
      <Filter>Source Files</Filter>
    </ClCompile>
    <ClCompile Include="D:\Project\直播切片\shotcut-source\src\lsc\build-verify2\test_live_preview_autogen\mocs_compilation_MinSizeRel.cpp">
      <Filter>Source Files</Filter>
    </ClCompile>
    <ClCompile Include="D:\Project\直播切片\shotcut-source\src\lsc\build-verify2\test_live_preview_autogen\mocs_compilation_RelWithDebInfo.cpp">
      <Filter>Source Files</Filter>
    </ClCompile>
  </ItemGroup>
  <ItemGroup>
    <CustomBuild Include="D:\Project\直播切片\shotcut-source\src\lsc\CMakeLists.txt" />
  </ItemGroup>
  <ItemGroup>
    <Filter Include="Source Files">
      <UniqueIdentifier>{192A22B3-45EB-3FB0-A986-AB1C01E9DE8E}</UniqueIdentifier>
    </Filter>
  </ItemGroup>
</Project>
