
Microsoft Visual Studio Solution File, Format Version 12.00
# Visual Studio Version 17
Project("{8BC9CEB8-8B4A-11D0-8D11-00A0C91BC942}") = "ALL_BUILD", "ALL_BUILD.vcxproj", "{F19F3AB4-5F6E-3CF2-992D-948F86D3B8BB}"
	ProjectSection(ProjectDependencies) = postProject
		{570CF5A8-160D-35CF-A88A-53884C031DAA} = {570CF5A8-160D-35CF-A88A-53884C031DAA}
		{4D253BDF-D417-3666-86AD-BCE692E512F0} = {4D253BDF-D417-3666-86AD-BCE692E512F0}
		{DE4EDD78-30D8-31B8-9EA8-075BA174ADB4} = {DE4EDD78-30D8-31B8-9EA8-075BA174ADB4}
		{B4D065F7-C2EA-3C44-AEBD-C55BD736F118} = {B4D065F7-C2EA-3C44-AEBD-C55BD736F118}
		{14017BFA-DB84-31D5-BC23-D1F7227B721B} = {14017BFA-DB84-31D5-BC23-D1F7227B721B}
		{7493AF80-1FA9-3D61-B802-6511B2B1F919} = {7493AF80-1FA9-3D61-B802-6511B2B1F919}
		{AA2298AC-C203-3AED-AD8F-90CD7A41CE97} = {AA2298AC-C203-3AED-AD8F-90CD7A41CE97}
		{4D0E7A12-C3C9-30BA-89C3-BA1A42B8CBC9} = {4D0E7A12-C3C9-30BA-89C3-BA1A42B8CBC9}
		{2B7217F4-3C75-325C-AA52-EF68DE3E0E10} = {2B7217F4-3C75-325C-AA52-EF68DE3E0E10}
		{7604C5D7-7740-37A7-965D-521E2087EC51} = {7604C5D7-7740-37A7-965D-521E2087EC51}
		{D349458F-4FAC-3451-9A51-A274C849492E} = {D349458F-4FAC-3451-9A51-A274C849492E}
		{FDF50E5C-6864-32B3-B7D9-3AD88CB10F0F} = {FDF50E5C-6864-32B3-B7D9-3AD88CB10F0F}
		{ED688F5E-A130-317F-A19C-16DD7E5AEF0E} = {ED688F5E-A130-317F-A19C-16DD7E5AEF0E}
		{62A5C942-5AB4-3831-A685-2317EDF8A9EE} = {62A5C942-5AB4-3831-A685-2317EDF8A9EE}
		{403B62EF-DB7F-31C7-8A7C-57AE70AEC163} = {403B62EF-DB7F-31C7-8A7C-57AE70AEC163}
		{79F56D61-8CDB-37AB-B551-E0077DBB85E7} = {79F56D61-8CDB-37AB-B551-E0077DBB85E7}
		{A9D8D6FB-C1EA-302F-B710-2FBFB5FE0267} = {A9D8D6FB-C1EA-302F-B710-2FBFB5FE0267}
		{53EAADE2-9E53-36DE-BEBD-82B2373C4BB4} = {53EAADE2-9E53-36DE-BEBD-82B2373C4BB4}
		{AB99F0A4-EC6E-3135-B150-15B06A7A9433} = {AB99F0A4-EC6E-3135-B150-15B06A7A9433}
		{EC87D1E4-F8BC-3F63-8D3C-376A55C5ED10} = {EC87D1E4-F8BC-3F63-8D3C-376A55C5ED10}
		{905592F2-7D50-3344-9B13-8E37EDFEF58B} = {905592F2-7D50-3344-9B13-8E37EDFEF58B}
		{7B5FEE70-1FEE-3648-8C64-05F221C327AC} = {7B5FEE70-1FEE-3648-8C64-05F221C327AC}
		{3F812ACB-DAAA-3B4A-A2C0-12215D96527C} = {3F812ACB-DAAA-3B4A-A2C0-12215D96527C}
		{002E9482-01C9-3AE7-8248-2BEECD3F7B2A} = {002E9482-01C9-3AE7-8248-2BEECD3F7B2A}
		{73FA829E-E350-3897-A14A-E61B313D598A} = {73FA829E-E350-3897-A14A-E61B313D598A}
		{83A223E0-84F7-3084-AF97-47D9362F7918} = {83A223E0-84F7-3084-AF97-47D9362F7918}
		{68B0A4A5-A9F2-32F2-9E75-661E7DCA4F80} = {68B0A4A5-A9F2-32F2-9E75-661E7DCA4F80}
		{6EB65276-C920-3E7D-9A1E-18C2812990A5} = {6EB65276-C920-3E7D-9A1E-18C2812990A5}
		{4476C3D4-5985-303B-A8B9-3F1C3FA7B790} = {4476C3D4-5985-303B-A8B9-3F1C3FA7B790}
		{3BAEDC1F-9251-34F8-9303-F9026262D69C} = {3BAEDC1F-9251-34F8-9303-F9026262D69C}
		{F16F166A-EBD6-3BD5-B4E2-E2CAE400AF3E} = {F16F166A-EBD6-3BD5-B4E2-E2CAE400AF3E}
		{7390C939-C72B-3C26-9928-388B9C074E0D} = {7390C939-C72B-3C26-9928-388B9C074E0D}
		{35609CB7-AB92-3F26-A68E-8A1051EEB5C2} = {35609CB7-AB92-3F26-A68E-8A1051EEB5C2}
	EndProjectSection
EndProject
Project("{8BC9CEB8-8B4A-11D0-8D11-00A0C91BC942}") = "RUN_TESTS", "RUN_TESTS.vcxproj", "{CEC27363-E82D-3048-831E-4248A6188794}"
	ProjectSection(ProjectDependencies) = postProject
		{570CF5A8-160D-35CF-A88A-53884C031DAA} = {570CF5A8-160D-35CF-A88A-53884C031DAA}
	EndProjectSection
EndProject
Project("{8BC9CEB8-8B4A-11D0-8D11-00A0C91BC942}") = "ZERO_CHECK", "ZERO_CHECK.vcxproj", "{570CF5A8-160D-35CF-A88A-53884C031DAA}"
	ProjectSection(ProjectDependencies) = postProject
	EndProjectSection
EndProject
Project("{8BC9CEB8-8B4A-11D0-8D11-00A0C91BC942}") = "lsc", "lsc.vcxproj", "{4D253BDF-D417-3666-86AD-BCE692E512F0}"
	ProjectSection(ProjectDependencies) = postProject
		{570CF5A8-160D-35CF-A88A-53884C031DAA} = {570CF5A8-160D-35CF-A88A-53884C031DAA}
	EndProjectSection
EndProject
Project("{8BC9CEB8-8B4A-11D0-8D11-00A0C91BC942}") = "lsc_app", "lsc_app.vcxproj", "{DE4EDD78-30D8-31B8-9EA8-075BA174ADB4}"
	ProjectSection(ProjectDependencies) = postProject
		{570CF5A8-160D-35CF-A88A-53884C031DAA} = {570CF5A8-160D-35CF-A88A-53884C031DAA}
		{4D253BDF-D417-3666-86AD-BCE692E512F0} = {4D253BDF-D417-3666-86AD-BCE692E512F0}
	EndProjectSection
EndProject
Project("{8BC9CEB8-8B4A-11D0-8D11-00A0C91BC942}") = "test_analysis_dock", "test_analysis_dock.vcxproj", "{B4D065F7-C2EA-3C44-AEBD-C55BD736F118}"
	ProjectSection(ProjectDependencies) = postProject
		{570CF5A8-160D-35CF-A88A-53884C031DAA} = {570CF5A8-160D-35CF-A88A-53884C031DAA}
		{4D253BDF-D417-3666-86AD-BCE692E512F0} = {4D253BDF-D417-3666-86AD-BCE692E512F0}
	EndProjectSection
EndProject
Project("{8BC9CEB8-8B4A-11D0-8D11-00A0C91BC942}") = "test_audio_analyzer", "test_audio_analyzer.vcxproj", "{14017BFA-DB84-31D5-BC23-D1F7227B721B}"
	ProjectSection(ProjectDependencies) = postProject
		{570CF5A8-160D-35CF-A88A-53884C031DAA} = {570CF5A8-160D-35CF-A88A-53884C031DAA}
		{4D253BDF-D417-3666-86AD-BCE692E512F0} = {4D253BDF-D417-3666-86AD-BCE692E512F0}
	EndProjectSection
EndProject
Project("{8BC9CEB8-8B4A-11D0-8D11-00A0C91BC942}") = "test_beat_detector", "test_beat_detector.vcxproj", "{7493AF80-1FA9-3D61-B802-6511B2B1F919}"
	ProjectSection(ProjectDependencies) = postProject
		{570CF5A8-160D-35CF-A88A-53884C031DAA} = {570CF5A8-160D-35CF-A88A-53884C031DAA}
		{4D253BDF-D417-3666-86AD-BCE692E512F0} = {4D253BDF-D417-3666-86AD-BCE692E512F0}
	EndProjectSection
EndProject
Project("{8BC9CEB8-8B4A-11D0-8D11-00A0C91BC942}") = "test_clip_export", "test_clip_export.vcxproj", "{AA2298AC-C203-3AED-AD8F-90CD7A41CE97}"
	ProjectSection(ProjectDependencies) = postProject
		{570CF5A8-160D-35CF-A88A-53884C031DAA} = {570CF5A8-160D-35CF-A88A-53884C031DAA}
		{4D253BDF-D417-3666-86AD-BCE692E512F0} = {4D253BDF-D417-3666-86AD-BCE692E512F0}
	EndProjectSection
EndProject
Project("{8BC9CEB8-8B4A-11D0-8D11-00A0C91BC942}") = "test_commentary_segmenter", "test_commentary_segmenter.vcxproj", "{4D0E7A12-C3C9-30BA-89C3-BA1A42B8CBC9}"
	ProjectSection(ProjectDependencies) = postProject
		{570CF5A8-160D-35CF-A88A-53884C031DAA} = {570CF5A8-160D-35CF-A88A-53884C031DAA}
		{4D253BDF-D417-3666-86AD-BCE692E512F0} = {4D253BDF-D417-3666-86AD-BCE692E512F0}
	EndProjectSection
EndProject
Project("{8BC9CEB8-8B4A-11D0-8D11-00A0C91BC942}") = "test_dance_detector", "test_dance_detector.vcxproj", "{2B7217F4-3C75-325C-AA52-EF68DE3E0E10}"
	ProjectSection(ProjectDependencies) = postProject
		{570CF5A8-160D-35CF-A88A-53884C031DAA} = {570CF5A8-160D-35CF-A88A-53884C031DAA}
		{4D253BDF-D417-3666-86AD-BCE692E512F0} = {4D253BDF-D417-3666-86AD-BCE692E512F0}
	EndProjectSection
EndProject
Project("{8BC9CEB8-8B4A-11D0-8D11-00A0C91BC942}") = "test_dance_segment_scorer", "test_dance_segment_scorer.vcxproj", "{7604C5D7-7740-37A7-965D-521E2087EC51}"
	ProjectSection(ProjectDependencies) = postProject
		{570CF5A8-160D-35CF-A88A-53884C031DAA} = {570CF5A8-160D-35CF-A88A-53884C031DAA}
		{4D253BDF-D417-3666-86AD-BCE692E512F0} = {4D253BDF-D417-3666-86AD-BCE692E512F0}
	EndProjectSection
EndProject
Project("{8BC9CEB8-8B4A-11D0-8D11-00A0C91BC942}") = "test_douyin_live", "test_douyin_live.vcxproj", "{D349458F-4FAC-3451-9A51-A274C849492E}"
	ProjectSection(ProjectDependencies) = postProject
		{570CF5A8-160D-35CF-A88A-53884C031DAA} = {570CF5A8-160D-35CF-A88A-53884C031DAA}
		{4D253BDF-D417-3666-86AD-BCE692E512F0} = {4D253BDF-D417-3666-86AD-BCE692E512F0}
	EndProjectSection
EndProject
Project("{8BC9CEB8-8B4A-11D0-8D11-00A0C91BC942}") = "test_feedback_store", "test_feedback_store.vcxproj", "{FDF50E5C-6864-32B3-B7D9-3AD88CB10F0F}"
	ProjectSection(ProjectDependencies) = postProject
		{570CF5A8-160D-35CF-A88A-53884C031DAA} = {570CF5A8-160D-35CF-A88A-53884C031DAA}
		{4D253BDF-D417-3666-86AD-BCE692E512F0} = {4D253BDF-D417-3666-86AD-BCE692E512F0}
	EndProjectSection
EndProject
Project("{8BC9CEB8-8B4A-11D0-8D11-00A0C91BC942}") = "test_gameplay_manifest", "test_gameplay_manifest.vcxproj", "{ED688F5E-A130-317F-A19C-16DD7E5AEF0E}"
	ProjectSection(ProjectDependencies) = postProject
		{570CF5A8-160D-35CF-A88A-53884C031DAA} = {570CF5A8-160D-35CF-A88A-53884C031DAA}
		{4D253BDF-D417-3666-86AD-BCE692E512F0} = {4D253BDF-D417-3666-86AD-BCE692E512F0}
	EndProjectSection
EndProject
Project("{8BC9CEB8-8B4A-11D0-8D11-00A0C91BC942}") = "test_highlight_analysis", "test_highlight_analysis.vcxproj", "{62A5C942-5AB4-3831-A685-2317EDF8A9EE}"
	ProjectSection(ProjectDependencies) = postProject
		{570CF5A8-160D-35CF-A88A-53884C031DAA} = {570CF5A8-160D-35CF-A88A-53884C031DAA}
		{4D253BDF-D417-3666-86AD-BCE692E512F0} = {4D253BDF-D417-3666-86AD-BCE692E512F0}
	EndProjectSection
EndProject
Project("{8BC9CEB8-8B4A-11D0-8D11-00A0C91BC942}") = "test_highlight_detector", "test_highlight_detector.vcxproj", "{403B62EF-DB7F-31C7-8A7C-57AE70AEC163}"
	ProjectSection(ProjectDependencies) = postProject
		{570CF5A8-160D-35CF-A88A-53884C031DAA} = {570CF5A8-160D-35CF-A88A-53884C031DAA}
		{4D253BDF-D417-3666-86AD-BCE692E512F0} = {4D253BDF-D417-3666-86AD-BCE692E512F0}
	EndProjectSection
EndProject
Project("{8BC9CEB8-8B4A-11D0-8D11-00A0C91BC942}") = "test_highlight_engine", "test_highlight_engine.vcxproj", "{79F56D61-8CDB-37AB-B551-E0077DBB85E7}"
	ProjectSection(ProjectDependencies) = postProject
		{570CF5A8-160D-35CF-A88A-53884C031DAA} = {570CF5A8-160D-35CF-A88A-53884C031DAA}
		{4D253BDF-D417-3666-86AD-BCE692E512F0} = {4D253BDF-D417-3666-86AD-BCE692E512F0}
	EndProjectSection
EndProject
Project("{8BC9CEB8-8B4A-11D0-8D11-00A0C91BC942}") = "test_highlight_ranker", "test_highlight_ranker.vcxproj", "{A9D8D6FB-C1EA-302F-B710-2FBFB5FE0267}"
	ProjectSection(ProjectDependencies) = postProject
		{570CF5A8-160D-35CF-A88A-53884C031DAA} = {570CF5A8-160D-35CF-A88A-53884C031DAA}
		{4D253BDF-D417-3666-86AD-BCE692E512F0} = {4D253BDF-D417-3666-86AD-BCE692E512F0}
	EndProjectSection
EndProject
Project("{8BC9CEB8-8B4A-11D0-8D11-00A0C91BC942}") = "test_live_preview", "test_live_preview.vcxproj", "{53EAADE2-9E53-36DE-BEBD-82B2373C4BB4}"
	ProjectSection(ProjectDependencies) = postProject
		{570CF5A8-160D-35CF-A88A-53884C031DAA} = {570CF5A8-160D-35CF-A88A-53884C031DAA}
		{4D253BDF-D417-3666-86AD-BCE692E512F0} = {4D253BDF-D417-3666-86AD-BCE692E512F0}
	EndProjectSection
EndProject
Project("{8BC9CEB8-8B4A-11D0-8D11-00A0C91BC942}") = "test_live_recording", "test_live_recording.vcxproj", "{AB99F0A4-EC6E-3135-B150-15B06A7A9433}"
	ProjectSection(ProjectDependencies) = postProject
		{570CF5A8-160D-35CF-A88A-53884C031DAA} = {570CF5A8-160D-35CF-A88A-53884C031DAA}
		{4D253BDF-D417-3666-86AD-BCE692E512F0} = {4D253BDF-D417-3666-86AD-BCE692E512F0}
	EndProjectSection
EndProject
Project("{8BC9CEB8-8B4A-11D0-8D11-00A0C91BC942}") = "test_material_classifier", "test_material_classifier.vcxproj", "{EC87D1E4-F8BC-3F63-8D3C-376A55C5ED10}"
	ProjectSection(ProjectDependencies) = postProject
		{570CF5A8-160D-35CF-A88A-53884C031DAA} = {570CF5A8-160D-35CF-A88A-53884C031DAA}
		{4D253BDF-D417-3666-86AD-BCE692E512F0} = {4D253BDF-D417-3666-86AD-BCE692E512F0}
	EndProjectSection
EndProject
Project("{8BC9CEB8-8B4A-11D0-8D11-00A0C91BC942}") = "test_platform_parser", "test_platform_parser.vcxproj", "{905592F2-7D50-3344-9B13-8E37EDFEF58B}"
	ProjectSection(ProjectDependencies) = postProject
		{570CF5A8-160D-35CF-A88A-53884C031DAA} = {570CF5A8-160D-35CF-A88A-53884C031DAA}
		{4D253BDF-D417-3666-86AD-BCE692E512F0} = {4D253BDF-D417-3666-86AD-BCE692E512F0}
	EndProjectSection
EndProject
Project("{8BC9CEB8-8B4A-11D0-8D11-00A0C91BC942}") = "test_realtime_strategy", "test_realtime_strategy.vcxproj", "{7B5FEE70-1FEE-3648-8C64-05F221C327AC}"
	ProjectSection(ProjectDependencies) = postProject
		{570CF5A8-160D-35CF-A88A-53884C031DAA} = {570CF5A8-160D-35CF-A88A-53884C031DAA}
		{4D253BDF-D417-3666-86AD-BCE692E512F0} = {4D253BDF-D417-3666-86AD-BCE692E512F0}
	EndProjectSection
EndProject
Project("{8BC9CEB8-8B4A-11D0-8D11-00A0C91BC942}") = "test_recording_session", "test_recording_session.vcxproj", "{3F812ACB-DAAA-3B4A-A2C0-12215D96527C}"
	ProjectSection(ProjectDependencies) = postProject
		{570CF5A8-160D-35CF-A88A-53884C031DAA} = {570CF5A8-160D-35CF-A88A-53884C031DAA}
		{4D253BDF-D417-3666-86AD-BCE692E512F0} = {4D253BDF-D417-3666-86AD-BCE692E512F0}
	EndProjectSection
EndProject
Project("{8BC9CEB8-8B4A-11D0-8D11-00A0C91BC942}") = "test_round_boundary_detector", "test_round_boundary_detector.vcxproj", "{002E9482-01C9-3AE7-8248-2BEECD3F7B2A}"
	ProjectSection(ProjectDependencies) = postProject
		{570CF5A8-160D-35CF-A88A-53884C031DAA} = {570CF5A8-160D-35CF-A88A-53884C031DAA}
		{4D253BDF-D417-3666-86AD-BCE692E512F0} = {4D253BDF-D417-3666-86AD-BCE692E512F0}
	EndProjectSection
EndProject
Project("{8BC9CEB8-8B4A-11D0-8D11-00A0C91BC942}") = "test_round_clip_builder", "test_round_clip_builder.vcxproj", "{73FA829E-E350-3897-A14A-E61B313D598A}"
	ProjectSection(ProjectDependencies) = postProject
		{570CF5A8-160D-35CF-A88A-53884C031DAA} = {570CF5A8-160D-35CF-A88A-53884C031DAA}
		{4D253BDF-D417-3666-86AD-BCE692E512F0} = {4D253BDF-D417-3666-86AD-BCE692E512F0}
	EndProjectSection
EndProject
Project("{8BC9CEB8-8B4A-11D0-8D11-00A0C91BC942}") = "test_runtime_layout", "test_runtime_layout.vcxproj", "{83A223E0-84F7-3084-AF97-47D9362F7918}"
	ProjectSection(ProjectDependencies) = postProject
		{570CF5A8-160D-35CF-A88A-53884C031DAA} = {570CF5A8-160D-35CF-A88A-53884C031DAA}
		{4D253BDF-D417-3666-86AD-BCE692E512F0} = {4D253BDF-D417-3666-86AD-BCE692E512F0}
	EndProjectSection
EndProject
Project("{8BC9CEB8-8B4A-11D0-8D11-00A0C91BC942}") = "test_settings_dock", "test_settings_dock.vcxproj", "{68B0A4A5-A9F2-32F2-9E75-661E7DCA4F80}"
	ProjectSection(ProjectDependencies) = postProject
		{570CF5A8-160D-35CF-A88A-53884C031DAA} = {570CF5A8-160D-35CF-A88A-53884C031DAA}
		{4D253BDF-D417-3666-86AD-BCE692E512F0} = {4D253BDF-D417-3666-86AD-BCE692E512F0}
	EndProjectSection
EndProject
Project("{8BC9CEB8-8B4A-11D0-8D11-00A0C91BC942}") = "test_short_clip_refiner", "test_short_clip_refiner.vcxproj", "{6EB65276-C920-3E7D-9A1E-18C2812990A5}"
	ProjectSection(ProjectDependencies) = postProject
		{570CF5A8-160D-35CF-A88A-53884C031DAA} = {570CF5A8-160D-35CF-A88A-53884C031DAA}
		{4D253BDF-D417-3666-86AD-BCE692E512F0} = {4D253BDF-D417-3666-86AD-BCE692E512F0}
	EndProjectSection
EndProject
Project("{8BC9CEB8-8B4A-11D0-8D11-00A0C91BC942}") = "test_ssr_debug", "test_ssr_debug.vcxproj", "{4476C3D4-5985-303B-A8B9-3F1C3FA7B790}"
	ProjectSection(ProjectDependencies) = postProject
		{570CF5A8-160D-35CF-A88A-53884C031DAA} = {570CF5A8-160D-35CF-A88A-53884C031DAA}
		{4D253BDF-D417-3666-86AD-BCE692E512F0} = {4D253BDF-D417-3666-86AD-BCE692E512F0}
	EndProjectSection
EndProject
Project("{8BC9CEB8-8B4A-11D0-8D11-00A0C91BC942}") = "test_stream_capture", "test_stream_capture.vcxproj", "{3BAEDC1F-9251-34F8-9303-F9026262D69C}"
	ProjectSection(ProjectDependencies) = postProject
		{570CF5A8-160D-35CF-A88A-53884C031DAA} = {570CF5A8-160D-35CF-A88A-53884C031DAA}
		{4D253BDF-D417-3666-86AD-BCE692E512F0} = {4D253BDF-D417-3666-86AD-BCE692E512F0}
	EndProjectSection
EndProject
Project("{8BC9CEB8-8B4A-11D0-8D11-00A0C91BC942}") = "test_task_center", "test_task_center.vcxproj", "{F16F166A-EBD6-3BD5-B4E2-E2CAE400AF3E}"
	ProjectSection(ProjectDependencies) = postProject
		{570CF5A8-160D-35CF-A88A-53884C031DAA} = {570CF5A8-160D-35CF-A88A-53884C031DAA}
		{4D253BDF-D417-3666-86AD-BCE692E512F0} = {4D253BDF-D417-3666-86AD-BCE692E512F0}
	EndProjectSection
EndProject
Project("{8BC9CEB8-8B4A-11D0-8D11-00A0C91BC942}") = "test_valorant_evaluation", "test_valorant_evaluation.vcxproj", "{7390C939-C72B-3C26-9928-388B9C074E0D}"
	ProjectSection(ProjectDependencies) = postProject
		{570CF5A8-160D-35CF-A88A-53884C031DAA} = {570CF5A8-160D-35CF-A88A-53884C031DAA}
		{4D253BDF-D417-3666-86AD-BCE692E512F0} = {4D253BDF-D417-3666-86AD-BCE692E512F0}
	EndProjectSection
EndProject
Project("{8BC9CEB8-8B4A-11D0-8D11-00A0C91BC942}") = "test_video_analyzer", "test_video_analyzer.vcxproj", "{35609CB7-AB92-3F26-A68E-8A1051EEB5C2}"
	ProjectSection(ProjectDependencies) = postProject
		{570CF5A8-160D-35CF-A88A-53884C031DAA} = {570CF5A8-160D-35CF-A88A-53884C031DAA}
		{4D253BDF-D417-3666-86AD-BCE692E512F0} = {4D253BDF-D417-3666-86AD-BCE692E512F0}
	EndProjectSection
EndProject
Global
	GlobalSection(SolutionConfigurationPlatforms) = preSolution
		Debug|x64 = Debug|x64
		Release|x64 = Release|x64
		MinSizeRel|x64 = MinSizeRel|x64
		RelWithDebInfo|x64 = RelWithDebInfo|x64
	EndGlobalSection
	GlobalSection(ProjectConfigurationPlatforms) = postSolution
		{F19F3AB4-5F6E-3CF2-992D-948F86D3B8BB}.Debug|x64.ActiveCfg = Debug|x64
		{F19F3AB4-5F6E-3CF2-992D-948F86D3B8BB}.Release|x64.ActiveCfg = Release|x64
		{F19F3AB4-5F6E-3CF2-992D-948F86D3B8BB}.MinSizeRel|x64.ActiveCfg = MinSizeRel|x64
		{F19F3AB4-5F6E-3CF2-992D-948F86D3B8BB}.RelWithDebInfo|x64.ActiveCfg = RelWithDebInfo|x64
		{CEC27363-E82D-3048-831E-4248A6188794}.Debug|x64.ActiveCfg = Debug|x64
		{CEC27363-E82D-3048-831E-4248A6188794}.Release|x64.ActiveCfg = Release|x64
		{CEC27363-E82D-3048-831E-4248A6188794}.MinSizeRel|x64.ActiveCfg = MinSizeRel|x64
		{CEC27363-E82D-3048-831E-4248A6188794}.RelWithDebInfo|x64.ActiveCfg = RelWithDebInfo|x64
		{570CF5A8-160D-35CF-A88A-53884C031DAA}.Debug|x64.ActiveCfg = Debug|x64
		{570CF5A8-160D-35CF-A88A-53884C031DAA}.Debug|x64.Build.0 = Debug|x64
		{570CF5A8-160D-35CF-A88A-53884C031DAA}.Release|x64.ActiveCfg = Release|x64
		{570CF5A8-160D-35CF-A88A-53884C031DAA}.Release|x64.Build.0 = Release|x64
		{570CF5A8-160D-35CF-A88A-53884C031DAA}.MinSizeRel|x64.ActiveCfg = MinSizeRel|x64
		{570CF5A8-160D-35CF-A88A-53884C031DAA}.MinSizeRel|x64.Build.0 = MinSizeRel|x64
		{570CF5A8-160D-35CF-A88A-53884C031DAA}.RelWithDebInfo|x64.ActiveCfg = RelWithDebInfo|x64
		{570CF5A8-160D-35CF-A88A-53884C031DAA}.RelWithDebInfo|x64.Build.0 = RelWithDebInfo|x64
		{4D253BDF-D417-3666-86AD-BCE692E512F0}.Debug|x64.ActiveCfg = Debug|x64
		{4D253BDF-D417-3666-86AD-BCE692E512F0}.Debug|x64.Build.0 = Debug|x64
		{4D253BDF-D417-3666-86AD-BCE692E512F0}.Release|x64.ActiveCfg = Release|x64
		{4D253BDF-D417-3666-86AD-BCE692E512F0}.Release|x64.Build.0 = Release|x64
		{4D253BDF-D417-3666-86AD-BCE692E512F0}.MinSizeRel|x64.ActiveCfg = MinSizeRel|x64
		{4D253BDF-D417-3666-86AD-BCE692E512F0}.MinSizeRel|x64.Build.0 = MinSizeRel|x64
		{4D253BDF-D417-3666-86AD-BCE692E512F0}.RelWithDebInfo|x64.ActiveCfg = RelWithDebInfo|x64
		{4D253BDF-D417-3666-86AD-BCE692E512F0}.RelWithDebInfo|x64.Build.0 = RelWithDebInfo|x64
		{DE4EDD78-30D8-31B8-9EA8-075BA174ADB4}.Debug|x64.ActiveCfg = Debug|x64
		{DE4EDD78-30D8-31B8-9EA8-075BA174ADB4}.Debug|x64.Build.0 = Debug|x64
		{DE4EDD78-30D8-31B8-9EA8-075BA174ADB4}.Release|x64.ActiveCfg = Release|x64
		{DE4EDD78-30D8-31B8-9EA8-075BA174ADB4}.Release|x64.Build.0 = Release|x64
		{DE4EDD78-30D8-31B8-9EA8-075BA174ADB4}.MinSizeRel|x64.ActiveCfg = MinSizeRel|x64
		{DE4EDD78-30D8-31B8-9EA8-075BA174ADB4}.MinSizeRel|x64.Build.0 = MinSizeRel|x64
		{DE4EDD78-30D8-31B8-9EA8-075BA174ADB4}.RelWithDebInfo|x64.ActiveCfg = RelWithDebInfo|x64
		{DE4EDD78-30D8-31B8-9EA8-075BA174ADB4}.RelWithDebInfo|x64.Build.0 = RelWithDebInfo|x64
		{B4D065F7-C2EA-3C44-AEBD-C55BD736F118}.Debug|x64.ActiveCfg = Debug|x64
		{B4D065F7-C2EA-3C44-AEBD-C55BD736F118}.Debug|x64.Build.0 = Debug|x64
		{B4D065F7-C2EA-3C44-AEBD-C55BD736F118}.Release|x64.ActiveCfg = Release|x64
		{B4D065F7-C2EA-3C44-AEBD-C55BD736F118}.Release|x64.Build.0 = Release|x64
		{B4D065F7-C2EA-3C44-AEBD-C55BD736F118}.MinSizeRel|x64.ActiveCfg = MinSizeRel|x64
		{B4D065F7-C2EA-3C44-AEBD-C55BD736F118}.MinSizeRel|x64.Build.0 = MinSizeRel|x64
		{B4D065F7-C2EA-3C44-AEBD-C55BD736F118}.RelWithDebInfo|x64.ActiveCfg = RelWithDebInfo|x64
		{B4D065F7-C2EA-3C44-AEBD-C55BD736F118}.RelWithDebInfo|x64.Build.0 = RelWithDebInfo|x64
		{14017BFA-DB84-31D5-BC23-D1F7227B721B}.Debug|x64.ActiveCfg = Debug|x64
		{14017BFA-DB84-31D5-BC23-D1F7227B721B}.Debug|x64.Build.0 = Debug|x64
		{14017BFA-DB84-31D5-BC23-D1F7227B721B}.Release|x64.ActiveCfg = Release|x64
		{14017BFA-DB84-31D5-BC23-D1F7227B721B}.Release|x64.Build.0 = Release|x64
		{14017BFA-DB84-31D5-BC23-D1F7227B721B}.MinSizeRel|x64.ActiveCfg = MinSizeRel|x64
		{14017BFA-DB84-31D5-BC23-D1F7227B721B}.MinSizeRel|x64.Build.0 = MinSizeRel|x64
		{14017BFA-DB84-31D5-BC23-D1F7227B721B}.RelWithDebInfo|x64.ActiveCfg = RelWithDebInfo|x64
		{14017BFA-DB84-31D5-BC23-D1F7227B721B}.RelWithDebInfo|x64.Build.0 = RelWithDebInfo|x64
		{7493AF80-1FA9-3D61-B802-6511B2B1F919}.Debug|x64.ActiveCfg = Debug|x64
		{7493AF80-1FA9-3D61-B802-6511B2B1F919}.Debug|x64.Build.0 = Debug|x64
		{7493AF80-1FA9-3D61-B802-6511B2B1F919}.Release|x64.ActiveCfg = Release|x64
		{7493AF80-1FA9-3D61-B802-6511B2B1F919}.Release|x64.Build.0 = Release|x64
		{7493AF80-1FA9-3D61-B802-6511B2B1F919}.MinSizeRel|x64.ActiveCfg = MinSizeRel|x64
		{7493AF80-1FA9-3D61-B802-6511B2B1F919}.MinSizeRel|x64.Build.0 = MinSizeRel|x64
		{7493AF80-1FA9-3D61-B802-6511B2B1F919}.RelWithDebInfo|x64.ActiveCfg = RelWithDebInfo|x64
		{7493AF80-1FA9-3D61-B802-6511B2B1F919}.RelWithDebInfo|x64.Build.0 = RelWithDebInfo|x64
		{AA2298AC-C203-3AED-AD8F-90CD7A41CE97}.Debug|x64.ActiveCfg = Debug|x64
		{AA2298AC-C203-3AED-AD8F-90CD7A41CE97}.Debug|x64.Build.0 = Debug|x64
		{AA2298AC-C203-3AED-AD8F-90CD7A41CE97}.Release|x64.ActiveCfg = Release|x64
		{AA2298AC-C203-3AED-AD8F-90CD7A41CE97}.Release|x64.Build.0 = Release|x64
		{AA2298AC-C203-3AED-AD8F-90CD7A41CE97}.MinSizeRel|x64.ActiveCfg = MinSizeRel|x64
		{AA2298AC-C203-3AED-AD8F-90CD7A41CE97}.MinSizeRel|x64.Build.0 = MinSizeRel|x64
		{AA2298AC-C203-3AED-AD8F-90CD7A41CE97}.RelWithDebInfo|x64.ActiveCfg = RelWithDebInfo|x64
		{AA2298AC-C203-3AED-AD8F-90CD7A41CE97}.RelWithDebInfo|x64.Build.0 = RelWithDebInfo|x64
		{4D0E7A12-C3C9-30BA-89C3-BA1A42B8CBC9}.Debug|x64.ActiveCfg = Debug|x64
		{4D0E7A12-C3C9-30BA-89C3-BA1A42B8CBC9}.Debug|x64.Build.0 = Debug|x64
		{4D0E7A12-C3C9-30BA-89C3-BA1A42B8CBC9}.Release|x64.ActiveCfg = Release|x64
		{4D0E7A12-C3C9-30BA-89C3-BA1A42B8CBC9}.Release|x64.Build.0 = Release|x64
		{4D0E7A12-C3C9-30BA-89C3-BA1A42B8CBC9}.MinSizeRel|x64.ActiveCfg = MinSizeRel|x64
		{4D0E7A12-C3C9-30BA-89C3-BA1A42B8CBC9}.MinSizeRel|x64.Build.0 = MinSizeRel|x64
		{4D0E7A12-C3C9-30BA-89C3-BA1A42B8CBC9}.RelWithDebInfo|x64.ActiveCfg = RelWithDebInfo|x64
		{4D0E7A12-C3C9-30BA-89C3-BA1A42B8CBC9}.RelWithDebInfo|x64.Build.0 = RelWithDebInfo|x64
		{2B7217F4-3C75-325C-AA52-EF68DE3E0E10}.Debug|x64.ActiveCfg = Debug|x64
		{2B7217F4-3C75-325C-AA52-EF68DE3E0E10}.Debug|x64.Build.0 = Debug|x64
		{2B7217F4-3C75-325C-AA52-EF68DE3E0E10}.Release|x64.ActiveCfg = Release|x64
		{2B7217F4-3C75-325C-AA52-EF68DE3E0E10}.Release|x64.Build.0 = Release|x64
		{2B7217F4-3C75-325C-AA52-EF68DE3E0E10}.MinSizeRel|x64.ActiveCfg = MinSizeRel|x64
		{2B7217F4-3C75-325C-AA52-EF68DE3E0E10}.MinSizeRel|x64.Build.0 = MinSizeRel|x64
		{2B7217F4-3C75-325C-AA52-EF68DE3E0E10}.RelWithDebInfo|x64.ActiveCfg = RelWithDebInfo|x64
		{2B7217F4-3C75-325C-AA52-EF68DE3E0E10}.RelWithDebInfo|x64.Build.0 = RelWithDebInfo|x64
		{7604C5D7-7740-37A7-965D-521E2087EC51}.Debug|x64.ActiveCfg = Debug|x64
		{7604C5D7-7740-37A7-965D-521E2087EC51}.Debug|x64.Build.0 = Debug|x64
		{7604C5D7-7740-37A7-965D-521E2087EC51}.Release|x64.ActiveCfg = Release|x64
		{7604C5D7-7740-37A7-965D-521E2087EC51}.Release|x64.Build.0 = Release|x64
		{7604C5D7-7740-37A7-965D-521E2087EC51}.MinSizeRel|x64.ActiveCfg = MinSizeRel|x64
		{7604C5D7-7740-37A7-965D-521E2087EC51}.MinSizeRel|x64.Build.0 = MinSizeRel|x64
		{7604C5D7-7740-37A7-965D-521E2087EC51}.RelWithDebInfo|x64.ActiveCfg = RelWithDebInfo|x64
		{7604C5D7-7740-37A7-965D-521E2087EC51}.RelWithDebInfo|x64.Build.0 = RelWithDebInfo|x64
		{D349458F-4FAC-3451-9A51-A274C849492E}.Debug|x64.ActiveCfg = Debug|x64
		{D349458F-4FAC-3451-9A51-A274C849492E}.Debug|x64.Build.0 = Debug|x64
		{D349458F-4FAC-3451-9A51-A274C849492E}.Release|x64.ActiveCfg = Release|x64
		{D349458F-4FAC-3451-9A51-A274C849492E}.Release|x64.Build.0 = Release|x64
		{D349458F-4FAC-3451-9A51-A274C849492E}.MinSizeRel|x64.ActiveCfg = MinSizeRel|x64
		{D349458F-4FAC-3451-9A51-A274C849492E}.MinSizeRel|x64.Build.0 = MinSizeRel|x64
		{D349458F-4FAC-3451-9A51-A274C849492E}.RelWithDebInfo|x64.ActiveCfg = RelWithDebInfo|x64
		{D349458F-4FAC-3451-9A51-A274C849492E}.RelWithDebInfo|x64.Build.0 = RelWithDebInfo|x64
		{FDF50E5C-6864-32B3-B7D9-3AD88CB10F0F}.Debug|x64.ActiveCfg = Debug|x64
		{FDF50E5C-6864-32B3-B7D9-3AD88CB10F0F}.Debug|x64.Build.0 = Debug|x64
		{FDF50E5C-6864-32B3-B7D9-3AD88CB10F0F}.Release|x64.ActiveCfg = Release|x64
		{FDF50E5C-6864-32B3-B7D9-3AD88CB10F0F}.Release|x64.Build.0 = Release|x64
		{FDF50E5C-6864-32B3-B7D9-3AD88CB10F0F}.MinSizeRel|x64.ActiveCfg = MinSizeRel|x64
		{FDF50E5C-6864-32B3-B7D9-3AD88CB10F0F}.MinSizeRel|x64.Build.0 = MinSizeRel|x64
		{FDF50E5C-6864-32B3-B7D9-3AD88CB10F0F}.RelWithDebInfo|x64.ActiveCfg = RelWithDebInfo|x64
		{FDF50E5C-6864-32B3-B7D9-3AD88CB10F0F}.RelWithDebInfo|x64.Build.0 = RelWithDebInfo|x64
		{ED688F5E-A130-317F-A19C-16DD7E5AEF0E}.Debug|x64.ActiveCfg = Debug|x64
		{ED688F5E-A130-317F-A19C-16DD7E5AEF0E}.Debug|x64.Build.0 = Debug|x64
		{ED688F5E-A130-317F-A19C-16DD7E5AEF0E}.Release|x64.ActiveCfg = Release|x64
		{ED688F5E-A130-317F-A19C-16DD7E5AEF0E}.Release|x64.Build.0 = Release|x64
		{ED688F5E-A130-317F-A19C-16DD7E5AEF0E}.MinSizeRel|x64.ActiveCfg = MinSizeRel|x64
		{ED688F5E-A130-317F-A19C-16DD7E5AEF0E}.MinSizeRel|x64.Build.0 = MinSizeRel|x64
		{ED688F5E-A130-317F-A19C-16DD7E5AEF0E}.RelWithDebInfo|x64.ActiveCfg = RelWithDebInfo|x64
		{ED688F5E-A130-317F-A19C-16DD7E5AEF0E}.RelWithDebInfo|x64.Build.0 = RelWithDebInfo|x64
		{62A5C942-5AB4-3831-A685-2317EDF8A9EE}.Debug|x64.ActiveCfg = Debug|x64
		{62A5C942-5AB4-3831-A685-2317EDF8A9EE}.Debug|x64.Build.0 = Debug|x64
		{62A5C942-5AB4-3831-A685-2317EDF8A9EE}.Release|x64.ActiveCfg = Release|x64
		{62A5C942-5AB4-3831-A685-2317EDF8A9EE}.Release|x64.Build.0 = Release|x64
		{62A5C942-5AB4-3831-A685-2317EDF8A9EE}.MinSizeRel|x64.ActiveCfg = MinSizeRel|x64
		{62A5C942-5AB4-3831-A685-2317EDF8A9EE}.MinSizeRel|x64.Build.0 = MinSizeRel|x64
		{62A5C942-5AB4-3831-A685-2317EDF8A9EE}.RelWithDebInfo|x64.ActiveCfg = RelWithDebInfo|x64
		{62A5C942-5AB4-3831-A685-2317EDF8A9EE}.RelWithDebInfo|x64.Build.0 = RelWithDebInfo|x64
		{403B62EF-DB7F-31C7-8A7C-57AE70AEC163}.Debug|x64.ActiveCfg = Debug|x64
		{403B62EF-DB7F-31C7-8A7C-57AE70AEC163}.Debug|x64.Build.0 = Debug|x64
		{403B62EF-DB7F-31C7-8A7C-57AE70AEC163}.Release|x64.ActiveCfg = Release|x64
		{403B62EF-DB7F-31C7-8A7C-57AE70AEC163}.Release|x64.Build.0 = Release|x64
		{403B62EF-DB7F-31C7-8A7C-57AE70AEC163}.MinSizeRel|x64.ActiveCfg = MinSizeRel|x64
		{403B62EF-DB7F-31C7-8A7C-57AE70AEC163}.MinSizeRel|x64.Build.0 = MinSizeRel|x64
		{403B62EF-DB7F-31C7-8A7C-57AE70AEC163}.RelWithDebInfo|x64.ActiveCfg = RelWithDebInfo|x64
		{403B62EF-DB7F-31C7-8A7C-57AE70AEC163}.RelWithDebInfo|x64.Build.0 = RelWithDebInfo|x64
		{79F56D61-8CDB-37AB-B551-E0077DBB85E7}.Debug|x64.ActiveCfg = Debug|x64
		{79F56D61-8CDB-37AB-B551-E0077DBB85E7}.Debug|x64.Build.0 = Debug|x64
		{79F56D61-8CDB-37AB-B551-E0077DBB85E7}.Release|x64.ActiveCfg = Release|x64
		{79F56D61-8CDB-37AB-B551-E0077DBB85E7}.Release|x64.Build.0 = Release|x64
		{79F56D61-8CDB-37AB-B551-E0077DBB85E7}.MinSizeRel|x64.ActiveCfg = MinSizeRel|x64
		{79F56D61-8CDB-37AB-B551-E0077DBB85E7}.MinSizeRel|x64.Build.0 = MinSizeRel|x64
		{79F56D61-8CDB-37AB-B551-E0077DBB85E7}.RelWithDebInfo|x64.ActiveCfg = RelWithDebInfo|x64
		{79F56D61-8CDB-37AB-B551-E0077DBB85E7}.RelWithDebInfo|x64.Build.0 = RelWithDebInfo|x64
		{A9D8D6FB-C1EA-302F-B710-2FBFB5FE0267}.Debug|x64.ActiveCfg = Debug|x64
		{A9D8D6FB-C1EA-302F-B710-2FBFB5FE0267}.Debug|x64.Build.0 = Debug|x64
		{A9D8D6FB-C1EA-302F-B710-2FBFB5FE0267}.Release|x64.ActiveCfg = Release|x64
		{A9D8D6FB-C1EA-302F-B710-2FBFB5FE0267}.Release|x64.Build.0 = Release|x64
		{A9D8D6FB-C1EA-302F-B710-2FBFB5FE0267}.MinSizeRel|x64.ActiveCfg = MinSizeRel|x64
		{A9D8D6FB-C1EA-302F-B710-2FBFB5FE0267}.MinSizeRel|x64.Build.0 = MinSizeRel|x64
		{A9D8D6FB-C1EA-302F-B710-2FBFB5FE0267}.RelWithDebInfo|x64.ActiveCfg = RelWithDebInfo|x64
		{A9D8D6FB-C1EA-302F-B710-2FBFB5FE0267}.RelWithDebInfo|x64.Build.0 = RelWithDebInfo|x64
		{53EAADE2-9E53-36DE-BEBD-82B2373C4BB4}.Debug|x64.ActiveCfg = Debug|x64
		{53EAADE2-9E53-36DE-BEBD-82B2373C4BB4}.Debug|x64.Build.0 = Debug|x64
		{53EAADE2-9E53-36DE-BEBD-82B2373C4BB4}.Release|x64.ActiveCfg = Release|x64
		{53EAADE2-9E53-36DE-BEBD-82B2373C4BB4}.Release|x64.Build.0 = Release|x64
		{53EAADE2-9E53-36DE-BEBD-82B2373C4BB4}.MinSizeRel|x64.ActiveCfg = MinSizeRel|x64
		{53EAADE2-9E53-36DE-BEBD-82B2373C4BB4}.MinSizeRel|x64.Build.0 = MinSizeRel|x64
		{53EAADE2-9E53-36DE-BEBD-82B2373C4BB4}.RelWithDebInfo|x64.ActiveCfg = RelWithDebInfo|x64
		{53EAADE2-9E53-36DE-BEBD-82B2373C4BB4}.RelWithDebInfo|x64.Build.0 = RelWithDebInfo|x64
		{AB99F0A4-EC6E-3135-B150-15B06A7A9433}.Debug|x64.ActiveCfg = Debug|x64
		{AB99F0A4-EC6E-3135-B150-15B06A7A9433}.Debug|x64.Build.0 = Debug|x64
		{AB99F0A4-EC6E-3135-B150-15B06A7A9433}.Release|x64.ActiveCfg = Release|x64
		{AB99F0A4-EC6E-3135-B150-15B06A7A9433}.Release|x64.Build.0 = Release|x64
		{AB99F0A4-EC6E-3135-B150-15B06A7A9433}.MinSizeRel|x64.ActiveCfg = MinSizeRel|x64
		{AB99F0A4-EC6E-3135-B150-15B06A7A9433}.MinSizeRel|x64.Build.0 = MinSizeRel|x64
		{AB99F0A4-EC6E-3135-B150-15B06A7A9433}.RelWithDebInfo|x64.ActiveCfg = RelWithDebInfo|x64
		{AB99F0A4-EC6E-3135-B150-15B06A7A9433}.RelWithDebInfo|x64.Build.0 = RelWithDebInfo|x64
		{EC87D1E4-F8BC-3F63-8D3C-376A55C5ED10}.Debug|x64.ActiveCfg = Debug|x64
		{EC87D1E4-F8BC-3F63-8D3C-376A55C5ED10}.Debug|x64.Build.0 = Debug|x64
		{EC87D1E4-F8BC-3F63-8D3C-376A55C5ED10}.Release|x64.ActiveCfg = Release|x64
		{EC87D1E4-F8BC-3F63-8D3C-376A55C5ED10}.Release|x64.Build.0 = Release|x64
		{EC87D1E4-F8BC-3F63-8D3C-376A55C5ED10}.MinSizeRel|x64.ActiveCfg = MinSizeRel|x64
		{EC87D1E4-F8BC-3F63-8D3C-376A55C5ED10}.MinSizeRel|x64.Build.0 = MinSizeRel|x64
		{EC87D1E4-F8BC-3F63-8D3C-376A55C5ED10}.RelWithDebInfo|x64.ActiveCfg = RelWithDebInfo|x64
		{EC87D1E4-F8BC-3F63-8D3C-376A55C5ED10}.RelWithDebInfo|x64.Build.0 = RelWithDebInfo|x64
		{905592F2-7D50-3344-9B13-8E37EDFEF58B}.Debug|x64.ActiveCfg = Debug|x64
		{905592F2-7D50-3344-9B13-8E37EDFEF58B}.Debug|x64.Build.0 = Debug|x64
		{905592F2-7D50-3344-9B13-8E37EDFEF58B}.Release|x64.ActiveCfg = Release|x64
		{905592F2-7D50-3344-9B13-8E37EDFEF58B}.Release|x64.Build.0 = Release|x64
		{905592F2-7D50-3344-9B13-8E37EDFEF58B}.MinSizeRel|x64.ActiveCfg = MinSizeRel|x64
		{905592F2-7D50-3344-9B13-8E37EDFEF58B}.MinSizeRel|x64.Build.0 = MinSizeRel|x64
		{905592F2-7D50-3344-9B13-8E37EDFEF58B}.RelWithDebInfo|x64.ActiveCfg = RelWithDebInfo|x64
		{905592F2-7D50-3344-9B13-8E37EDFEF58B}.RelWithDebInfo|x64.Build.0 = RelWithDebInfo|x64
		{7B5FEE70-1FEE-3648-8C64-05F221C327AC}.Debug|x64.ActiveCfg = Debug|x64
		{7B5FEE70-1FEE-3648-8C64-05F221C327AC}.Debug|x64.Build.0 = Debug|x64
		{7B5FEE70-1FEE-3648-8C64-05F221C327AC}.Release|x64.ActiveCfg = Release|x64
		{7B5FEE70-1FEE-3648-8C64-05F221C327AC}.Release|x64.Build.0 = Release|x64
		{7B5FEE70-1FEE-3648-8C64-05F221C327AC}.MinSizeRel|x64.ActiveCfg = MinSizeRel|x64
		{7B5FEE70-1FEE-3648-8C64-05F221C327AC}.MinSizeRel|x64.Build.0 = MinSizeRel|x64
		{7B5FEE70-1FEE-3648-8C64-05F221C327AC}.RelWithDebInfo|x64.ActiveCfg = RelWithDebInfo|x64
		{7B5FEE70-1FEE-3648-8C64-05F221C327AC}.RelWithDebInfo|x64.Build.0 = RelWithDebInfo|x64
		{3F812ACB-DAAA-3B4A-A2C0-12215D96527C}.Debug|x64.ActiveCfg = Debug|x64
		{3F812ACB-DAAA-3B4A-A2C0-12215D96527C}.Debug|x64.Build.0 = Debug|x64
		{3F812ACB-DAAA-3B4A-A2C0-12215D96527C}.Release|x64.ActiveCfg = Release|x64
		{3F812ACB-DAAA-3B4A-A2C0-12215D96527C}.Release|x64.Build.0 = Release|x64
		{3F812ACB-DAAA-3B4A-A2C0-12215D96527C}.MinSizeRel|x64.ActiveCfg = MinSizeRel|x64
		{3F812ACB-DAAA-3B4A-A2C0-12215D96527C}.MinSizeRel|x64.Build.0 = MinSizeRel|x64
		{3F812ACB-DAAA-3B4A-A2C0-12215D96527C}.RelWithDebInfo|x64.ActiveCfg = RelWithDebInfo|x64
		{3F812ACB-DAAA-3B4A-A2C0-12215D96527C}.RelWithDebInfo|x64.Build.0 = RelWithDebInfo|x64
		{002E9482-01C9-3AE7-8248-2BEECD3F7B2A}.Debug|x64.ActiveCfg = Debug|x64
		{002E9482-01C9-3AE7-8248-2BEECD3F7B2A}.Debug|x64.Build.0 = Debug|x64
		{002E9482-01C9-3AE7-8248-2BEECD3F7B2A}.Release|x64.ActiveCfg = Release|x64
		{002E9482-01C9-3AE7-8248-2BEECD3F7B2A}.Release|x64.Build.0 = Release|x64
		{002E9482-01C9-3AE7-8248-2BEECD3F7B2A}.MinSizeRel|x64.ActiveCfg = MinSizeRel|x64
		{002E9482-01C9-3AE7-8248-2BEECD3F7B2A}.MinSizeRel|x64.Build.0 = MinSizeRel|x64
		{002E9482-01C9-3AE7-8248-2BEECD3F7B2A}.RelWithDebInfo|x64.ActiveCfg = RelWithDebInfo|x64
		{002E9482-01C9-3AE7-8248-2BEECD3F7B2A}.RelWithDebInfo|x64.Build.0 = RelWithDebInfo|x64
		{73FA829E-E350-3897-A14A-E61B313D598A}.Debug|x64.ActiveCfg = Debug|x64
		{73FA829E-E350-3897-A14A-E61B313D598A}.Debug|x64.Build.0 = Debug|x64
		{73FA829E-E350-3897-A14A-E61B313D598A}.Release|x64.ActiveCfg = Release|x64
		{73FA829E-E350-3897-A14A-E61B313D598A}.Release|x64.Build.0 = Release|x64
		{73FA829E-E350-3897-A14A-E61B313D598A}.MinSizeRel|x64.ActiveCfg = MinSizeRel|x64
		{73FA829E-E350-3897-A14A-E61B313D598A}.MinSizeRel|x64.Build.0 = MinSizeRel|x64
		{73FA829E-E350-3897-A14A-E61B313D598A}.RelWithDebInfo|x64.ActiveCfg = RelWithDebInfo|x64
		{73FA829E-E350-3897-A14A-E61B313D598A}.RelWithDebInfo|x64.Build.0 = RelWithDebInfo|x64
		{83A223E0-84F7-3084-AF97-47D9362F7918}.Debug|x64.ActiveCfg = Debug|x64
		{83A223E0-84F7-3084-AF97-47D9362F7918}.Debug|x64.Build.0 = Debug|x64
		{83A223E0-84F7-3084-AF97-47D9362F7918}.Release|x64.ActiveCfg = Release|x64
		{83A223E0-84F7-3084-AF97-47D9362F7918}.Release|x64.Build.0 = Release|x64
		{83A223E0-84F7-3084-AF97-47D9362F7918}.MinSizeRel|x64.ActiveCfg = MinSizeRel|x64
		{83A223E0-84F7-3084-AF97-47D9362F7918}.MinSizeRel|x64.Build.0 = MinSizeRel|x64
		{83A223E0-84F7-3084-AF97-47D9362F7918}.RelWithDebInfo|x64.ActiveCfg = RelWithDebInfo|x64
		{83A223E0-84F7-3084-AF97-47D9362F7918}.RelWithDebInfo|x64.Build.0 = RelWithDebInfo|x64
		{68B0A4A5-A9F2-32F2-9E75-661E7DCA4F80}.Debug|x64.ActiveCfg = Debug|x64
		{68B0A4A5-A9F2-32F2-9E75-661E7DCA4F80}.Debug|x64.Build.0 = Debug|x64
		{68B0A4A5-A9F2-32F2-9E75-661E7DCA4F80}.Release|x64.ActiveCfg = Release|x64
		{68B0A4A5-A9F2-32F2-9E75-661E7DCA4F80}.Release|x64.Build.0 = Release|x64
		{68B0A4A5-A9F2-32F2-9E75-661E7DCA4F80}.MinSizeRel|x64.ActiveCfg = MinSizeRel|x64
		{68B0A4A5-A9F2-32F2-9E75-661E7DCA4F80}.MinSizeRel|x64.Build.0 = MinSizeRel|x64
		{68B0A4A5-A9F2-32F2-9E75-661E7DCA4F80}.RelWithDebInfo|x64.ActiveCfg = RelWithDebInfo|x64
		{68B0A4A5-A9F2-32F2-9E75-661E7DCA4F80}.RelWithDebInfo|x64.Build.0 = RelWithDebInfo|x64
		{6EB65276-C920-3E7D-9A1E-18C2812990A5}.Debug|x64.ActiveCfg = Debug|x64
		{6EB65276-C920-3E7D-9A1E-18C2812990A5}.Debug|x64.Build.0 = Debug|x64
		{6EB65276-C920-3E7D-9A1E-18C2812990A5}.Release|x64.ActiveCfg = Release|x64
		{6EB65276-C920-3E7D-9A1E-18C2812990A5}.Release|x64.Build.0 = Release|x64
		{6EB65276-C920-3E7D-9A1E-18C2812990A5}.MinSizeRel|x64.ActiveCfg = MinSizeRel|x64
		{6EB65276-C920-3E7D-9A1E-18C2812990A5}.MinSizeRel|x64.Build.0 = MinSizeRel|x64
		{6EB65276-C920-3E7D-9A1E-18C2812990A5}.RelWithDebInfo|x64.ActiveCfg = RelWithDebInfo|x64
		{6EB65276-C920-3E7D-9A1E-18C2812990A5}.RelWithDebInfo|x64.Build.0 = RelWithDebInfo|x64
		{4476C3D4-5985-303B-A8B9-3F1C3FA7B790}.Debug|x64.ActiveCfg = Debug|x64
		{4476C3D4-5985-303B-A8B9-3F1C3FA7B790}.Debug|x64.Build.0 = Debug|x64
		{4476C3D4-5985-303B-A8B9-3F1C3FA7B790}.Release|x64.ActiveCfg = Release|x64
		{4476C3D4-5985-303B-A8B9-3F1C3FA7B790}.Release|x64.Build.0 = Release|x64
		{4476C3D4-5985-303B-A8B9-3F1C3FA7B790}.MinSizeRel|x64.ActiveCfg = MinSizeRel|x64
		{4476C3D4-5985-303B-A8B9-3F1C3FA7B790}.MinSizeRel|x64.Build.0 = MinSizeRel|x64
		{4476C3D4-5985-303B-A8B9-3F1C3FA7B790}.RelWithDebInfo|x64.ActiveCfg = RelWithDebInfo|x64
		{4476C3D4-5985-303B-A8B9-3F1C3FA7B790}.RelWithDebInfo|x64.Build.0 = RelWithDebInfo|x64
		{3BAEDC1F-9251-34F8-9303-F9026262D69C}.Debug|x64.ActiveCfg = Debug|x64
		{3BAEDC1F-9251-34F8-9303-F9026262D69C}.Debug|x64.Build.0 = Debug|x64
		{3BAEDC1F-9251-34F8-9303-F9026262D69C}.Release|x64.ActiveCfg = Release|x64
		{3BAEDC1F-9251-34F8-9303-F9026262D69C}.Release|x64.Build.0 = Release|x64
		{3BAEDC1F-9251-34F8-9303-F9026262D69C}.MinSizeRel|x64.ActiveCfg = MinSizeRel|x64
		{3BAEDC1F-9251-34F8-9303-F9026262D69C}.MinSizeRel|x64.Build.0 = MinSizeRel|x64
		{3BAEDC1F-9251-34F8-9303-F9026262D69C}.RelWithDebInfo|x64.ActiveCfg = RelWithDebInfo|x64
		{3BAEDC1F-9251-34F8-9303-F9026262D69C}.RelWithDebInfo|x64.Build.0 = RelWithDebInfo|x64
		{F16F166A-EBD6-3BD5-B4E2-E2CAE400AF3E}.Debug|x64.ActiveCfg = Debug|x64
		{F16F166A-EBD6-3BD5-B4E2-E2CAE400AF3E}.Debug|x64.Build.0 = Debug|x64
		{F16F166A-EBD6-3BD5-B4E2-E2CAE400AF3E}.Release|x64.ActiveCfg = Release|x64
		{F16F166A-EBD6-3BD5-B4E2-E2CAE400AF3E}.Release|x64.Build.0 = Release|x64
		{F16F166A-EBD6-3BD5-B4E2-E2CAE400AF3E}.MinSizeRel|x64.ActiveCfg = MinSizeRel|x64
		{F16F166A-EBD6-3BD5-B4E2-E2CAE400AF3E}.MinSizeRel|x64.Build.0 = MinSizeRel|x64
		{F16F166A-EBD6-3BD5-B4E2-E2CAE400AF3E}.RelWithDebInfo|x64.ActiveCfg = RelWithDebInfo|x64
		{F16F166A-EBD6-3BD5-B4E2-E2CAE400AF3E}.RelWithDebInfo|x64.Build.0 = RelWithDebInfo|x64
		{7390C939-C72B-3C26-9928-388B9C074E0D}.Debug|x64.ActiveCfg = Debug|x64
		{7390C939-C72B-3C26-9928-388B9C074E0D}.Debug|x64.Build.0 = Debug|x64
		{7390C939-C72B-3C26-9928-388B9C074E0D}.Release|x64.ActiveCfg = Release|x64
		{7390C939-C72B-3C26-9928-388B9C074E0D}.Release|x64.Build.0 = Release|x64
		{7390C939-C72B-3C26-9928-388B9C074E0D}.MinSizeRel|x64.ActiveCfg = MinSizeRel|x64
		{7390C939-C72B-3C26-9928-388B9C074E0D}.MinSizeRel|x64.Build.0 = MinSizeRel|x64
		{7390C939-C72B-3C26-9928-388B9C074E0D}.RelWithDebInfo|x64.ActiveCfg = RelWithDebInfo|x64
		{7390C939-C72B-3C26-9928-388B9C074E0D}.RelWithDebInfo|x64.Build.0 = RelWithDebInfo|x64
		{35609CB7-AB92-3F26-A68E-8A1051EEB5C2}.Debug|x64.ActiveCfg = Debug|x64
		{35609CB7-AB92-3F26-A68E-8A1051EEB5C2}.Debug|x64.Build.0 = Debug|x64
		{35609CB7-AB92-3F26-A68E-8A1051EEB5C2}.Release|x64.ActiveCfg = Release|x64
		{35609CB7-AB92-3F26-A68E-8A1051EEB5C2}.Release|x64.Build.0 = Release|x64
		{35609CB7-AB92-3F26-A68E-8A1051EEB5C2}.MinSizeRel|x64.ActiveCfg = MinSizeRel|x64
		{35609CB7-AB92-3F26-A68E-8A1051EEB5C2}.MinSizeRel|x64.Build.0 = MinSizeRel|x64
		{35609CB7-AB92-3F26-A68E-8A1051EEB5C2}.RelWithDebInfo|x64.ActiveCfg = RelWithDebInfo|x64
		{35609CB7-AB92-3F26-A68E-8A1051EEB5C2}.RelWithDebInfo|x64.Build.0 = RelWithDebInfo|x64
	EndGlobalSection
	GlobalSection(ExtensibilityGlobals) = postSolution
		SolutionGuid = {5682879E-3656-3A83-879B-BCDC14EA43A7}
	EndGlobalSection
	GlobalSection(ExtensibilityAddIns) = postSolution
	EndGlobalSection
EndGlobal
