<?xml version="1.0" encoding="utf-8"?>
<Project ToolsVersion="17.0" xmlns="http://schemas.microsoft.com/developer/msbuild/2003">
  <ItemGroup>
    <ClCompile Include="D:\Project\直播切片\shotcut-source\src\lsc\build-verify\test_audio_analyzer_autogen\mocs_compilation_Debug.cpp">
      <Filter>Source Files</Filter>
    </ClCompile>
    <ClCompile Include="D:\Project\直播切片\shotcut-source\src\lsc\tests\test_audio_analyzer.cpp">
      <Filter>Source Files</Filter>
    </ClCompile>
    <ClCompile Include="D:\Project\直播切片\shotcut-source\src\lsc\build-verify\test_audio_analyzer_autogen\mocs_compilation_Release.cpp">
      <Filter>Source Files</Filter>
    </ClCompile>
    <ClCompile Include="D:\Project\直播切片\shotcut-source\src\lsc\build-verify\test_audio_analyzer_autogen\mocs_compilation_MinSizeRel.cpp">
      <Filter>Source Files</Filter>
    </ClCompile>
    <ClCompile Include="D:\Project\直播切片\shotcut-source\src\lsc\build-verify\test_audio_analyzer_autogen\mocs_compilation_RelWithDebInfo.cpp">
      <Filter>Source Files</Filter>
    </ClCompile>
  </ItemGroup>
  <ItemGroup>
    <CustomBuild Include="D:\Project\直播切片\shotcut-source\src\lsc\CMakeLists.txt" />
  </ItemGroup>
  <ItemGroup>
    <Filter Include="Source Files">
      <UniqueIdentifier>{3B27309C-2A3C-3D1A-8D45-FACBA2A6F7E7}</UniqueIdentifier>
    </Filter>
  </ItemGroup>
</Project>
